version: 6
environments:
  default:
    channels:
    - url: https://conda.anaconda.org/conda-forge/
    packages:
      osx-arm64:
      - conda: https://conda.anaconda.org/conda-forge/noarch/ansible-12.0.0-pyh707e725_0.conda
      - conda: https://conda.anaconda.org/conda-forge/noarch/ansible-core-2.19.2-pyh707e725_0.conda
      - conda: https://conda.anaconda.org/conda-forge/noarch/appdirs-1.4.4-pyhd8ed1ab_1.conda
      - conda: https://conda.anaconda.org/conda-forge/noarch/attrs-25.4.0-pyh71513ae_0.conda
      - conda: https://conda.anaconda.org/conda-forge/noarch/autopage-0.5.2-pyhd8ed1ab_1.conda
      - conda: https://conda.anaconda.org/conda-forge/osx-arm64/brotli-python-1.1.0-py313hb4b7877_4.conda
      - conda: https://conda.anaconda.org/conda-forge/osx-arm64/bzip2-1.0.8-hd037594_8.conda
      - conda: https://conda.anaconda.org/conda-forge/noarch/ca-certificates-2025.10.5-hbd8a1cb_0.conda
      - conda: https://conda.anaconda.org/conda-forge/noarch/certifi-2025.10.5-pyhd8ed1ab_0.conda
      - conda: https://conda.anaconda.org/conda-forge/osx-arm64/cffi-2.0.0-py313h89bd988_0.conda
      - conda: https://conda.anaconda.org/conda-forge/noarch/charset-normalizer-3.4.3-pyhd8ed1ab_0.conda
      - conda: https://conda.anaconda.org/conda-forge/noarch/cliff-4.11.0-pyhd8ed1ab_0.conda
      - conda: https://conda.anaconda.org/conda-forge/osx-arm64/cmd2-2.5.2-py313h8f79df9_0.conda
      - conda: https://conda.anaconda.org/conda-forge/osx-arm64/cryptography-46.0.2-py313h4d9e278_0.conda
      - conda: https://conda.anaconda.org/conda-forge/noarch/debtcollector-3.0.0-pyhd8ed1ab_1.conda
      - conda: https://conda.anaconda.org/conda-forge/noarch/decorator-5.2.1-pyhd8ed1ab_0.conda
      - conda: https://conda.anaconda.org/conda-forge/noarch/dogpile.cache-1.3.3-pyhd8ed1ab_0.conda
      - conda: https://conda.anaconda.org/conda-forge/noarch/h2-4.3.0-pyhcf101f3_0.conda
      - conda: https://conda.anaconda.org/conda-forge/noarch/hpack-4.1.0-pyhd8ed1ab_0.conda
      - conda: https://conda.anaconda.org/conda-forge/noarch/hyperframe-6.1.0-pyhd8ed1ab_0.conda
      - conda: https://conda.anaconda.org/conda-forge/osx-arm64/icu-75.1-hfee45f7_0.conda
      - conda: https://conda.anaconda.org/conda-forge/noarch/idna-3.10-pyhd8ed1ab_1.conda
      - conda: https://conda.anaconda.org/conda-forge/noarch/importlib-metadata-8.7.0-pyhe01879c_1.conda
      - conda: https://conda.anaconda.org/conda-forge/noarch/iso8601-2.1.0-pyhd8ed1ab_1.conda
      - conda: https://conda.anaconda.org/conda-forge/noarch/jinja2-3.1.6-pyhd8ed1ab_0.conda
      - conda: https://conda.anaconda.org/conda-forge/noarch/jmespath-1.0.1-pyhd8ed1ab_1.conda
      - conda: https://conda.anaconda.org/conda-forge/noarch/jsonpatch-1.33-pyhd8ed1ab_1.conda
      - conda: https://conda.anaconda.org/conda-forge/osx-arm64/jsonpointer-3.0.0-py313h8f79df9_2.conda
      - conda: https://conda.anaconda.org/conda-forge/noarch/keystoneauth1-5.12.0-pyhd8ed1ab_0.conda
      - conda: https://conda.anaconda.org/conda-forge/osx-arm64/libcxx-21.1.2-hf598326_0.conda
      - conda: https://conda.anaconda.org/conda-forge/osx-arm64/libexpat-2.7.1-hec049ff_0.conda
      - conda: https://conda.anaconda.org/conda-forge/osx-arm64/libffi-3.4.6-h1da3d7d_1.conda
      - conda: https://conda.anaconda.org/conda-forge/osx-arm64/liblzma-5.8.1-h39f12f2_2.conda
      - conda: https://conda.anaconda.org/conda-forge/osx-arm64/libmpdec-4.0.0-h5505292_0.conda
      - conda: https://conda.anaconda.org/conda-forge/osx-arm64/libsqlite-3.50.4-h4237e3c_0.conda
      - conda: https://conda.anaconda.org/conda-forge/osx-arm64/libzlib-1.3.1-h8359307_2.conda
      - conda: https://conda.anaconda.org/conda-forge/osx-arm64/markupsafe-3.0.3-py313h7d74516_0.conda
      - conda: https://conda.anaconda.org/conda-forge/osx-arm64/msgpack-python-1.1.2-py313ha61f8ec_0.conda
      - conda: https://conda.anaconda.org/conda-forge/osx-arm64/ncurses-6.5-h5e97a16_3.conda
      - conda: https://conda.anaconda.org/conda-forge/noarch/netaddr-1.3.0-pyhd8ed1ab_1.conda
      - conda: https://conda.anaconda.org/conda-forge/osx-arm64/openssl-3.5.4-h5503f6c_0.conda
      - conda: https://conda.anaconda.org/conda-forge/noarch/openstacksdk-4.7.1-pyhd8ed1ab_0.conda
      - conda: https://conda.anaconda.org/conda-forge/noarch/os-service-types-1.8.0-pyhd8ed1ab_0.conda
      - conda: https://conda.anaconda.org/conda-forge/noarch/osc-lib-4.2.0-pyhd8ed1ab_0.conda
      - conda: https://conda.anaconda.org/conda-forge/noarch/oslo.config-10.0.0-pyhd8ed1ab_0.conda
      - conda: https://conda.anaconda.org/conda-forge/noarch/oslo.i18n-6.6.0-pyhd8ed1ab_0.conda
      - conda: https://conda.anaconda.org/conda-forge/noarch/oslo.serialization-5.8.0-pyhd8ed1ab_0.conda
      - conda: https://conda.anaconda.org/conda-forge/noarch/oslo.utils-9.1.0-pyhd8ed1ab_0.conda
      - conda: https://conda.anaconda.org/conda-forge/noarch/packaging-25.0-pyh29332c3_1.conda
      - conda: https://conda.anaconda.org/conda-forge/noarch/pbr-7.0.1-pyhd8ed1ab_0.conda
      - conda: https://conda.anaconda.org/conda-forge/noarch/pip-25.2-pyh145f28c_0.conda
      - conda: https://conda.anaconda.org/conda-forge/noarch/platformdirs-4.5.0-pyhcf101f3_0.conda
      - conda: https://conda.anaconda.org/conda-forge/noarch/prettytable-3.16.0-pyhd8ed1ab_0.conda
      - conda: https://conda.anaconda.org/conda-forge/osx-arm64/psutil-7.1.0-py313h6535dbc_0.conda
      - conda: https://conda.anaconda.org/conda-forge/noarch/pycparser-2.22-pyh29332c3_1.conda
      - conda: https://conda.anaconda.org/conda-forge/osx-arm64/pyobjc-core-11.1-py313had225c5_1.conda
      - conda: https://conda.anaconda.org/conda-forge/osx-arm64/pyobjc-framework-cocoa-11.1-py313h4e140e3_1.conda
      - conda: https://conda.anaconda.org/conda-forge/noarch/pyparsing-3.2.5-pyhcf101f3_0.conda
      - conda: https://conda.anaconda.org/conda-forge/noarch/pyperclip-1.11.0-pyh534df25_0.conda
      - conda: https://conda.anaconda.org/conda-forge/noarch/pysocks-1.7.1-pyha55dd90_7.conda
      - conda: https://conda.anaconda.org/conda-forge/osx-arm64/python-3.13.7-h5c937ed_100_cp313.conda
      - conda: https://conda.anaconda.org/conda-forge/noarch/python-cinderclient-9.7.0-pyhff2d567_0.conda
      - conda: https://conda.anaconda.org/conda-forge/noarch/python-keystoneclient-5.7.0-pyh332efcf_0.conda
      - conda: https://conda.anaconda.org/conda-forge/noarch/python-novaclient-18.11.0-pyh332efcf_0.conda
      - conda: https://conda.anaconda.org/conda-forge/noarch/python-openstackclient-8.2.0-pyh332efcf_0.conda
      - conda: https://conda.anaconda.org/conda-forge/noarch/python-tzdata-2025.2-pyhd8ed1ab_0.conda
      - conda: https://conda.anaconda.org/conda-forge/noarch/python_abi-3.13-8_cp313.conda
      - conda: https://conda.anaconda.org/conda-forge/noarch/pytz-2025.2-pyhd8ed1ab_0.conda
      - conda: https://conda.anaconda.org/conda-forge/osx-arm64/pyyaml-6.0.3-py313h7d74516_0.conda
      - conda: https://conda.anaconda.org/conda-forge/osx-arm64/readline-8.2-h1d1bf99_2.conda
      - conda: https://conda.anaconda.org/conda-forge/noarch/requests-2.32.5-pyhd8ed1ab_0.conda
      - conda: https://conda.anaconda.org/conda-forge/noarch/requestsexceptions-1.4.0-py_0.tar.bz2
      - conda: https://conda.anaconda.org/conda-forge/noarch/resolvelib-1.0.1-pyhd8ed1ab_0.conda
      - conda: https://conda.anaconda.org/conda-forge/noarch/rfc3986-2.0.0-pyhd8ed1ab_1.conda
      - conda: https://conda.anaconda.org/conda-forge/noarch/setuptools-80.9.0-pyhff2d567_0.conda
      - conda: https://conda.anaconda.org/conda-forge/noarch/stevedore-5.5.0-pyhd8ed1ab_0.conda
      - conda: https://conda.anaconda.org/conda-forge/osx-arm64/tk-8.6.13-h892fb3f_2.conda
      - conda: https://conda.anaconda.org/conda-forge/noarch/typing-extensions-4.15.0-h396c80c_0.conda
      - conda: https://conda.anaconda.org/conda-forge/noarch/typing_extensions-4.15.0-pyhcf101f3_0.conda
      - conda: https://conda.anaconda.org/conda-forge/noarch/tzdata-2025b-h78e105d_0.conda
      - conda: https://conda.anaconda.org/conda-forge/noarch/urllib3-2.5.0-pyhd8ed1ab_0.conda
      - conda: https://conda.anaconda.org/conda-forge/noarch/wcwidth-0.2.14-pyhd8ed1ab_0.conda
      - conda: https://conda.anaconda.org/conda-forge/osx-arm64/wrapt-1.17.3-py313hcdf3177_1.conda
      - conda: https://conda.anaconda.org/conda-forge/osx-arm64/yaml-0.2.5-h925e9cb_3.conda
      - conda: https://conda.anaconda.org/conda-forge/noarch/zipp-3.23.0-pyhd8ed1ab_0.conda
      - conda: https://conda.anaconda.org/conda-forge/osx-arm64/zstandard-0.25.0-py313h9734d34_0.conda
      - conda: https://conda.anaconda.org/conda-forge/osx-arm64/zstd-1.5.7-h6491c7d_2.conda
packages:
- conda: https://conda.anaconda.org/conda-forge/noarch/ansible-12.0.0-pyh707e725_0.conda
  sha256: 6fcbc48fb1071d7d7db94a669dcbecdb41a9a6778915990d99d4293ddad3896e
  md5: 88c6adb39b30687b612d389281ed2426
  depends:
  - __unix
  - ansible-core >=2.19.1,<2.20.dev0
  - python >=3.11
  license: GPL-3.0-only
  license_family: GPL
  size: 24242640
  timestamp: 1757481304326
- conda: https://conda.anaconda.org/conda-forge/noarch/ansible-core-2.19.2-pyh707e725_0.conda
  sha256: 6104e37289d6b76519369fdc36a0e86026e0c271d60a5c943a4cdda9493092e4
  md5: 7245ed1bb7ed1ba21078c628fb15248b
  depends:
  - __unix
  - cryptography
  - jinja2 >=3.0.0
  - packaging
  - python >=3.11
  - pyyaml >=5.1
  - resolvelib >=0.5.3,<1.1.0
  license: GPL-3.0-or-later
  license_family: GPL
  size: 1466020
  timestamp: 1758862303860
- conda: https://conda.anaconda.org/conda-forge/noarch/appdirs-1.4.4-pyhd8ed1ab_1.conda
  sha256: 5b9ef6d338525b332e17c3ed089ca2f53a5d74b7a7b432747d29c6466e39346d
  md5: f4e90937bbfc3a4a92539545a37bb448
  depends:
  - python >=3.9
  license: MIT
  license_family: MIT
  size: 14835
  timestamp: 1733754069532
- conda: https://conda.anaconda.org/conda-forge/noarch/attrs-25.4.0-pyh71513ae_0.conda
  sha256: f6c3c19fa599a1a856a88db166c318b148cac3ee4851a9905ed8a04eeec79f45
  md5: c7944d55af26b6d2d7629e27e9a972c1
  depends:
  - python >=3.10
  license: MIT
  license_family: MIT
  size: 60101
  timestamp: 1759762331492
- conda: https://conda.anaconda.org/conda-forge/noarch/autopage-0.5.2-pyhd8ed1ab_1.conda
  sha256: 51f6e632488f956b1ab0c92d6fe6d056c19945afcddd0db210b58878aedb652a
  md5: 5955f68dcad530e8de381114db0527c2
  depends:
  - python >=3.9
  license: Apache-2.0
  license_family: APACHE
  size: 28346
  timestamp: 1734338002366
- conda: https://conda.anaconda.org/conda-forge/osx-arm64/brotli-python-1.1.0-py313hb4b7877_4.conda
  sha256: a6402a7186ace5c3eb21ed4ce50eda3592c44ce38ab4e9a7ddd57d72b1e61fb3
  md5: 9518cd948fc334d66119c16a2106a959
  depends:
  - __osx >=11.0
  - libcxx >=19
  - python >=3.13,<3.14.0a0
  - python >=3.13,<3.14.0a0 *_cp313
  - python_abi 3.13.* *_cp313
  constrains:
  - libbrotlicommon 1.1.0 h6caf38d_4
  license: MIT
  license_family: MIT
  size: 341104
  timestamp: 1756600117644
- conda: https://conda.anaconda.org/conda-forge/osx-arm64/bzip2-1.0.8-hd037594_8.conda
  sha256: b456200636bd5fecb2bec63f7e0985ad2097cf1b83d60ce0b6968dffa6d02aa1
  md5: 58fd217444c2a5701a44244faf518206
  depends:
  - __osx >=11.0
  license: bzip2-1.0.6
  license_family: BSD
  size: 125061
  timestamp: 1757437486465
- conda: https://conda.anaconda.org/conda-forge/noarch/ca-certificates-2025.10.5-hbd8a1cb_0.conda
  sha256: 3b5ad78b8bb61b6cdc0978a6a99f8dfb2cc789a451378d054698441005ecbdb6
  md5: f9e5fbc24009179e8b0409624691758a
  depends:
  - __unix
  license: ISC
  size: 155907
  timestamp: 1759649036195
- conda: https://conda.anaconda.org/conda-forge/noarch/certifi-2025.10.5-pyhd8ed1ab_0.conda
  sha256: 955bac31be82592093f6bc006e09822cd13daf52b28643c9a6abd38cd5f4a306
  md5: 257ae203f1d204107ba389607d375ded
  depends:
  - python >=3.10
  license: ISC
  size: 160248
  timestamp: 1759648987029
- conda: https://conda.anaconda.org/conda-forge/osx-arm64/cffi-2.0.0-py313h89bd988_0.conda
  sha256: 97404dd3e363d7fe546ef317502a0f26a4f314b986adc700de2c9840084459cd
  md5: 7768e6a259b378e0722b7f64e3f64c80
  depends:
  - __osx >=11.0
  - libffi >=3.4.6,<3.5.0a0
  - pycparser
  - python >=3.13,<3.14.0a0
  - python >=3.13,<3.14.0a0 *_cp313
  - python_abi 3.13.* *_cp313
  license: MIT
  license_family: MIT
  size: 291107
  timestamp: 1758716485269
- conda: https://conda.anaconda.org/conda-forge/noarch/charset-normalizer-3.4.3-pyhd8ed1ab_0.conda
  sha256: 838d5a011f0e7422be6427becba3de743c78f3874ad2743c341accbba9bb2624
  md5: 7e7d5ef1b9ed630e4a1c358d6bc62284
  depends:
  - python >=3.9
  license: MIT
  license_family: MIT
  size: 51033
  timestamp: 1754767444665
- conda: https://conda.anaconda.org/conda-forge/noarch/cliff-4.11.0-pyhd8ed1ab_0.conda
  sha256: 5f243b8e3c201cdcab1ad8fedb0be90ef8108bc2c11335af6fa573e30b38fdb0
  md5: 507b1244cf37312f31f29b117569c8f7
  depends:
  - autopage >=0.4.0
  - cmd2 >=1.0.0
  - importlib-metadata >=4.4
  - prettytable >=0.7.2
  - python >=3.10
  - pyyaml >=3.12
  - stevedore >=2.0.1
  license: Apache-2.0
  license_family: APACHE
  size: 59103
  timestamp: 1755884183053
- conda: https://conda.anaconda.org/conda-forge/osx-arm64/cmd2-2.5.2-py313h8f79df9_0.conda
  sha256: bde420340d32180d1a62b3ffad4ceb607f3bf336a587e54693354c6b5f50dfc3
  md5: ab2a3554119cfaf29819bc459a4b1ad8
  depends:
  - attrs >=16.3.0
  - pyperclip >=1.6
  - python >=3.13,<3.14.0a0
  - python >=3.13,<3.14.0a0 *_cp313
  - python_abi 3.13.* *_cp313
  - setuptools
  - wcwidth >=0.1.7
  license: MIT
  license_family: MIT
  size: 294838
  timestamp: 1730668942222
- conda: https://conda.anaconda.org/conda-forge/osx-arm64/cryptography-46.0.2-py313h4d9e278_0.conda
  sha256: 18eb13781c567581e309b5576dcdc12052713bb8d232c93d8790e6789ecdafc9
  md5: e64d28201a6699d1b447c14ad83892b4
  depends:
  - __osx >=11.0
  - cffi >=1.14
  - openssl >=3.5.3,<4.0a0
  - python >=3.13,<3.14.0a0
  - python >=3.13,<3.14.0a0 *_cp313
  - python_abi 3.13.* *_cp313
  constrains:
  - __osx >=11.0
  license: Apache-2.0 AND BSD-3-Clause AND PSF-2.0 AND MIT
  license_family: BSD
  size: 1601041
  timestamp: 1759321013579
- conda: https://conda.anaconda.org/conda-forge/noarch/debtcollector-3.0.0-pyhd8ed1ab_1.conda
  sha256: 88cfc741c905ee4deb8973294a465f1b0ae9f619e4c678221c1d350f07c38628
  md5: aa8c5e03c4ba1c6fcd27f9fb6e866666
  depends:
  - python >=3.9
  - wrapt >=1.7.0
  license: Apache-2.0
  license_family: Apache
  size: 22445
  timestamp: 1734503043687
- conda: https://conda.anaconda.org/conda-forge/noarch/decorator-5.2.1-pyhd8ed1ab_0.conda
  sha256: c17c6b9937c08ad63cb20a26f403a3234088e57d4455600974a0ce865cb14017
  md5: 9ce473d1d1be1cc3810856a48b3fab32
  depends:
  - python >=3.9
  license: BSD-2-Clause
  license_family: BSD
  size: 14129
  timestamp: 1740385067843
- conda: https://conda.anaconda.org/conda-forge/noarch/dogpile.cache-1.3.3-pyhd8ed1ab_0.conda
  sha256: 5f8aeee5de4edd6751f41791c8bc7cb8d8a634b7d5d5777cf3cb0ea7efcd5076
  md5: 6fe3e2cd5c26f4873a4ed1161b0e7c3a
  depends:
  - decorator >=4.0.0
  - python >=3.6
  - stevedore >=3.0.0
  - typing_extensions >=4.0.1
  license: MIT
  license_family: MIT
  size: 52734
  timestamp: 1714935696803
- conda: https://conda.anaconda.org/conda-forge/noarch/h2-4.3.0-pyhcf101f3_0.conda
  sha256: 84c64443368f84b600bfecc529a1194a3b14c3656ee2e832d15a20e0329b6da3
  md5: 164fc43f0b53b6e3a7bc7dce5e4f1dc9
  depends:
  - python >=3.10
  - hyperframe >=6.1,<7
  - hpack >=4.1,<5
  - python
  license: MIT
  license_family: MIT
  size: 95967
  timestamp: 1756364871835
- conda: https://conda.anaconda.org/conda-forge/noarch/hpack-4.1.0-pyhd8ed1ab_0.conda
  sha256: 6ad78a180576c706aabeb5b4c8ceb97c0cb25f1e112d76495bff23e3779948ba
  md5: 0a802cb9888dd14eeefc611f05c40b6e
  depends:
  - python >=3.9
  license: MIT
  license_family: MIT
  size: 30731
  timestamp: 1737618390337
- conda: https://conda.anaconda.org/conda-forge/noarch/hyperframe-6.1.0-pyhd8ed1ab_0.conda
  sha256: 77af6f5fe8b62ca07d09ac60127a30d9069fdc3c68d6b256754d0ffb1f7779f8
  md5: 8e6923fc12f1fe8f8c4e5c9f343256ac
  depends:
  - python >=3.9
  license: MIT
  license_family: MIT
  size: 17397
  timestamp: 1737618427549
- conda: https://conda.anaconda.org/conda-forge/osx-arm64/icu-75.1-hfee45f7_0.conda
  sha256: 9ba12c93406f3df5ab0a43db8a4b4ef67a5871dfd401010fbe29b218b2cbe620
  md5: 5eb22c1d7b3fc4abb50d92d621583137
  depends:
  - __osx >=11.0
  license: MIT
  license_family: MIT
  size: 11857802
  timestamp: 1720853997952
- conda: https://conda.anaconda.org/conda-forge/noarch/idna-3.10-pyhd8ed1ab_1.conda
  sha256: d7a472c9fd479e2e8dcb83fb8d433fce971ea369d704ece380e876f9c3494e87
  md5: 39a4f67be3286c86d696df570b1201b7
  depends:
  - python >=3.9
  license: BSD-3-Clause
  license_family: BSD
  size: 49765
  timestamp: 1733211921194
- conda: https://conda.anaconda.org/conda-forge/noarch/importlib-metadata-8.7.0-pyhe01879c_1.conda
  sha256: c18ab120a0613ada4391b15981d86ff777b5690ca461ea7e9e49531e8f374745
  md5: 63ccfdc3a3ce25b027b8767eb722fca8
  depends:
  - python >=3.9
  - zipp >=3.20
  - python
  license: Apache-2.0
  license_family: APACHE
  size: 34641
  timestamp: 1747934053147
- conda: https://conda.anaconda.org/conda-forge/noarch/iso8601-2.1.0-pyhd8ed1ab_1.conda
  sha256: bdfd0191d791f1b55d89ddafbec80a7ac9b5526e9a79053246996ecf1dc3e8f6
  md5: 29370dfa863fe2b6af79888a35f2da0d
  depends:
  - python >=3.9,<4
  license: MIT
  license_family: MIT
  size: 12985
  timestamp: 1733244992622
- conda: https://conda.anaconda.org/conda-forge/noarch/jinja2-3.1.6-pyhd8ed1ab_0.conda
  sha256: f1ac18b11637ddadc05642e8185a851c7fab5998c6f5470d716812fae943b2af
  md5: 446bd6c8cb26050d528881df495ce646
  depends:
  - markupsafe >=2.0
  - python >=3.9
  license: BSD-3-Clause
  license_family: BSD
  size: 112714
  timestamp: 1741263433881
- conda: https://conda.anaconda.org/conda-forge/noarch/jmespath-1.0.1-pyhd8ed1ab_1.conda
  sha256: 3d2f20ee7fd731e3ff55c189db9c43231bc8bde957875817a609c227bcb295c6
  md5: 972bdca8f30147135f951847b30399ea
  depends:
  - python >=3.9
  license: MIT
  license_family: MIT
  size: 23708
  timestamp: 1733229244590
- conda: https://conda.anaconda.org/conda-forge/noarch/jsonpatch-1.33-pyhd8ed1ab_1.conda
  sha256: 304955757d1fedbe344af43b12b5467cca072f83cce6109361ba942e186b3993
  md5: cb60ae9cf02b9fcb8004dec4089e5691
  depends:
  - jsonpointer >=1.9
  - python >=3.9
  license: BSD-3-Clause
  license_family: BSD
  size: 17311
  timestamp: 1733814664790
- conda: https://conda.anaconda.org/conda-forge/osx-arm64/jsonpointer-3.0.0-py313h8f79df9_2.conda
  sha256: 6e6097b156b2c69bcf05842f86a6650eb474477bec5e2233b4b8bcd2936cda5a
  md5: 51a61cf0de7b177b4c09fa5eb4775c76
  depends:
  - python >=3.13,<3.14.0a0
  - python >=3.13,<3.14.0a0 *_cp313
  - python_abi 3.13.* *_cp313
  license: BSD-3-Clause
  license_family: BSD
  size: 18604
  timestamp: 1756754452012
- conda: https://conda.anaconda.org/conda-forge/noarch/keystoneauth1-5.12.0-pyhd8ed1ab_0.conda
  sha256: 25432ec2506dd5d1b5d45a25d5da7de57ce4b7b46584f0263af51e9f4db68167
  md5: 42d12682dd10e4ee1db189122e99358d
  depends:
  - iso8601 >=0.1.11
  - os-service-types >=1.2.0
  - pbr !=2.1.0,>=2.0.0
  - python >=3.10
  - requests >=2.14.2
  - stevedore >=1.20.0
  - typing-extensions >=4.12
  license: Apache-2.0
  license_family: Apache
  size: 199349
  timestamp: 1755881815439
- conda: https://conda.anaconda.org/conda-forge/osx-arm64/libcxx-21.1.2-hf598326_0.conda
  sha256: 3de00998c8271f599d6ed9aea60dc0b3e5b1b7ff9f26f8eac95f86f135aa9beb
  md5: edfa256c5391f789384e470ce5c9f340
  depends:
  - __osx >=11.0
  license: Apache-2.0 WITH LLVM-exception
  license_family: Apache
  size: 568154
  timestamp: 1758698306949
- conda: https://conda.anaconda.org/conda-forge/osx-arm64/libexpat-2.7.1-hec049ff_0.conda
  sha256: 8fbb17a56f51e7113ed511c5787e0dec0d4b10ef9df921c4fd1cccca0458f648
  md5: b1ca5f21335782f71a8bd69bdc093f67
  depends:
  - __osx >=11.0
  constrains:
  - expat 2.7.1.*
  license: MIT
  license_family: MIT
  size: 65971
  timestamp: 1752719657566
- conda: https://conda.anaconda.org/conda-forge/osx-arm64/libffi-3.4.6-h1da3d7d_1.conda
  sha256: c6a530924a9b14e193ea9adfe92843de2a806d1b7dbfd341546ece9653129e60
  md5: c215a60c2935b517dcda8cad4705734d
  depends:
  - __osx >=11.0
  license: MIT
  license_family: MIT
  size: 39839
  timestamp: 1743434670405
- conda: https://conda.anaconda.org/conda-forge/osx-arm64/liblzma-5.8.1-h39f12f2_2.conda
  sha256: 0cb92a9e026e7bd4842f410a5c5c665c89b2eb97794ffddba519a626b8ce7285
  md5: d6df911d4564d77c4374b02552cb17d1
  depends:
  - __osx >=11.0
  constrains:
  - xz 5.8.1.*
  license: 0BSD
  size: 92286
  timestamp: 1749230283517
- conda: https://conda.anaconda.org/conda-forge/osx-arm64/libmpdec-4.0.0-h5505292_0.conda
  sha256: 0a1875fc1642324ebd6c4ac864604f3f18f57fbcf558a8264f6ced028a3c75b2
  md5: 85ccccb47823dd9f7a99d2c7f530342f
  depends:
  - __osx >=11.0
  license: BSD-2-Clause
  license_family: BSD
  size: 71829
  timestamp: 1748393749336
- conda: https://conda.anaconda.org/conda-forge/osx-arm64/libsqlite-3.50.4-h4237e3c_0.conda
  sha256: 802ebe62e6bc59fc26b26276b793e0542cfff2d03c086440aeaf72fb8bbcec44
  md5: 1dcb0468f5146e38fae99aef9656034b
  depends:
  - __osx >=11.0
  - icu >=75.1,<76.0a0
  - libzlib >=1.3.1,<2.0a0
  license: blessing
  size: 902645
  timestamp: 1753948599139
- conda: https://conda.anaconda.org/conda-forge/osx-arm64/libzlib-1.3.1-h8359307_2.conda
  sha256: ce34669eadaba351cd54910743e6a2261b67009624dbc7daeeafdef93616711b
  md5: 369964e85dc26bfe78f41399b366c435
  depends:
  - __osx >=11.0
  constrains:
  - zlib 1.3.1 *_2
  license: Zlib
  license_family: Other
  size: 46438
  timestamp: 1727963202283
- conda: https://conda.anaconda.org/conda-forge/osx-arm64/markupsafe-3.0.3-py313h7d74516_0.conda
  sha256: e06902a1bf370fdd4ada0a8c81c504868fdb7e9971b72c6bd395aa4e5a497bd2
  md5: 3df5979cc0b761dda0053ffdb0bca3ea
  depends:
  - __osx >=11.0
  - python >=3.13,<3.14.0a0
  - python >=3.13,<3.14.0a0 *_cp313
  - python_abi 3.13.* *_cp313
  constrains:
  - jinja2 >=3.0.0
  license: BSD-3-Clause
  license_family: BSD
  size: 25778
  timestamp: 1759055530601
- conda: https://conda.anaconda.org/conda-forge/osx-arm64/msgpack-python-1.1.2-py313ha61f8ec_0.conda
  sha256: 6ede791239008c6f286ca68d9ca1766beb40f88a132749a3f5cc8c198b088fbb
  md5: 3ebf182eb51bd6001fadc627645d588c
  depends:
  - __osx >=11.0
  - libcxx >=19
  - python >=3.13,<3.14.0a0
  - python >=3.13,<3.14.0a0 *_cp313
  - python_abi 3.13.* *_cp313
  license: Apache-2.0
  license_family: Apache
  size: 91718
  timestamp: 1759931116674
- conda: https://conda.anaconda.org/conda-forge/osx-arm64/ncurses-6.5-h5e97a16_3.conda
  sha256: 2827ada40e8d9ca69a153a45f7fd14f32b2ead7045d3bbb5d10964898fe65733
  md5: 068d497125e4bf8a66bf707254fff5ae
  depends:
  - __osx >=11.0
  license: X11 AND BSD-3-Clause
  size: 797030
  timestamp: 1738196177597
- conda: https://conda.anaconda.org/conda-forge/noarch/netaddr-1.3.0-pyhd8ed1ab_1.conda
  sha256: 129eedcf6bcdf7f572cf6ae601d0e4fe96f1073949a5ed4b2851a741c2e39a02
  md5: 764473f3d826efc53ddd7dd9ef53f022
  depends:
  - python >=3.9
  license: BSD-3-Clause
  license_family: BSD
  size: 1532484
  timestamp: 1734502796812
- conda: https://conda.anaconda.org/conda-forge/osx-arm64/openssl-3.5.4-h5503f6c_0.conda
  sha256: f0512629f9589392c2fb9733d11e753d0eab8fc7602f96e4d7f3bd95c783eb07
  md5: 71118318f37f717eefe55841adb172fd
  depends:
  - __osx >=11.0
  - ca-certificates
  license: Apache-2.0
  license_family: Apache
  size: 3067808
  timestamp: 1759324763146
- conda: https://conda.anaconda.org/conda-forge/noarch/openstacksdk-4.7.1-pyhd8ed1ab_0.conda
  sha256: 584aed5d9143b0dbaf8469e957e9eb4a40bf01f294d91a40000d6ec8c15f6e3d
  md5: f1d2ac13b423319b98f31ac31d435b60
  depends:
  - appdirs >=1.3.0
  - cryptography >=2.7
  - decorator >=4.4.1
  - dogpile.cache >=0.6.5
  - iso8601 >=0.1.11
  - jmespath >=0.9.0
  - jsonpatch !=1.20,>=1.16
  - keystoneauth1 >=3.18.0
  - os-service-types >=1.7.0
  - pbr !=2.1.0,>=2.0.0
  - platformdirs >=3
  - psutil >=3.2.2
  - python >=3.10
  - pyyaml >=3.13
  - requestsexceptions >=1.2.0
  license: Apache-2.0
  license_family: Apache
  size: 815444
  timestamp: 1759074408824
- conda: https://conda.anaconda.org/conda-forge/noarch/os-service-types-1.8.0-pyhd8ed1ab_0.conda
  sha256: fff7bf0a60b9a75cb315b33c48cfb8537ad48a899ccdc3adfdf21b2b5c8fb081
  md5: 6ca06bbe0e90a511c288d67e1d17aeac
  depends:
  - pbr !=2.1.0,>=2.0.0
  - python >=3.10
  - typing-extensions
  license: Apache-2.0
  license_family: Apache
  size: 23468
  timestamp: 1752005909360
- conda: https://conda.anaconda.org/conda-forge/noarch/osc-lib-4.2.0-pyhd8ed1ab_0.conda
  sha256: ad4f8ae8b2ec2b2d433653f18428448588508120520701c46cc87e7ab7a7b76d
  md5: 08e3274cdc3f484bae2addcbda3225eb
  depends:
  - cliff >=3.2.0
  - keystoneauth1 >=3.14.0
  - openstacksdk >=0.15.0
  - oslo.i18n >=3.15.3
  - oslo.utils >=3.33.0
  - pbr
  - python >=3.10
  - setuptools
  - stevedore >=1.20.0
  license: Apache-2.0
  license_family: APACHE
  size: 69708
  timestamp: 1755881910377
- conda: https://conda.anaconda.org/conda-forge/noarch/oslo.config-10.0.0-pyhd8ed1ab_0.conda
  sha256: e97d50cb26a9fde852ca02357ba4b1fc9d6e3302715f79cc80ad7f5e470187ef
  md5: 4c366b3a18eb59f0526baabcbb05489a
  depends:
  - debtcollector >=1.2.0
  - netaddr >=0.7.18
  - oslo.i18n >=3.15.3
  - python >=3.9
  - pyyaml >=5.1
  - requests >=2.18.0
  - rfc3986 >=1.2.0
  - stevedore >=1.20.0
  license: Apache-2.0
  license_family: Apache
  size: 104917
  timestamp: 1752226025237
- conda: https://conda.anaconda.org/conda-forge/noarch/oslo.i18n-6.6.0-pyhd8ed1ab_0.conda
  sha256: a8f50ce2aa27eb20811c8345ba95ed4b254d09b8ea59257ba9570927b0600bce
  md5: d15938392e8296545c7866b6d7e17f87
  depends:
  - pbr !=2.1.0,>=2.0.0
  - python >=3.10
  license: Apache-2.0
  license_family: Apache
  size: 34486
  timestamp: 1756199231172
- conda: https://conda.anaconda.org/conda-forge/noarch/oslo.serialization-5.8.0-pyhd8ed1ab_0.conda
  sha256: 381282ccc4fe1ee3d89ad26ae80ac9f6f65916829e95659cb802247a0ab5cbc1
  md5: b5a78cbc0f586e628720c84cc323b122
  depends:
  - msgpack-python
  - oslo.utils
  - pbr
  - python >=3.10
  - pytz
  license: Apache-2.0
  license_family: APACHE
  size: 25968
  timestamp: 1756135826105
- conda: https://conda.anaconda.org/conda-forge/noarch/oslo.utils-9.1.0-pyhd8ed1ab_0.conda
  sha256: a0ca7baa23fa75cf39c77608719402e28bb37dbef923d43af1d6f6d52a3284e4
  md5: cc7996c8892dc673668c8a9d9ca40324
  depends:
  - debtcollector >=1.2.0
  - iso8601 >=0.1.11
  - netaddr >=0.10.0
  - oslo.i18n >=3.15.3
  - packaging >=20.4
  - psutil >=3.2.2
  - pyparsing >=2.1.0
  - python >=3.10
  - python-tzdata >=2022.4
  - pyyaml >=3.13
  license: Apache-2.0
  license_family: Apache
  size: 103347
  timestamp: 1757881581515
- conda: https://conda.anaconda.org/conda-forge/noarch/packaging-25.0-pyh29332c3_1.conda
  sha256: 289861ed0c13a15d7bbb408796af4de72c2fe67e2bcb0de98f4c3fce259d7991
  md5: 58335b26c38bf4a20f399384c33cbcf9
  depends:
  - python >=3.8
  - python
  license: Apache-2.0
  license_family: APACHE
  size: 62477
  timestamp: 1745345660407
- conda: https://conda.anaconda.org/conda-forge/noarch/pbr-7.0.1-pyhd8ed1ab_0.conda
  sha256: d6678783340fc03410e844652f355422d4f8308fc40b43f87cb36200f6a125a0
  md5: 0d118f1c98cec5ebd0cdfd066e49a446
  depends:
  - pip
  - python >=3.10
  - setuptools
  license: Apache-2.0
  license_family: Apache
  size: 79937
  timestamp: 1755795766886
- conda: https://conda.anaconda.org/conda-forge/noarch/pip-25.2-pyh145f28c_0.conda
  sha256: 20fe420bb29c7e655988fd0b654888e6d7755c1d380f82ca2f1bd2493b95d650
  md5: e7ab34d5a93e0819b62563c78635d937
  depends:
  - python >=3.13.0a0
  license: MIT
  license_family: MIT
  size: 1179951
  timestamp: 1753925011027
- conda: https://conda.anaconda.org/conda-forge/noarch/platformdirs-4.5.0-pyhcf101f3_0.conda
  sha256: 7efd51b48d908de2d75cbb3c4a2e80dd9454e1c5bb8191b261af3136f7fa5888
  md5: 5c7a868f8241e64e1cf5fdf4962f23e2
  depends:
  - python >=3.10
  - python
  license: MIT
  size: 23625
  timestamp: 1759953252315
- conda: https://conda.anaconda.org/conda-forge/noarch/prettytable-3.16.0-pyhd8ed1ab_0.conda
  sha256: 5611863e7bfd42d91df4c70b5ec215288b98369a536d088e6d3010c4e6572276
  md5: a79b653b066a3c2818902641099c510d
  depends:
  - python >=3.9
  - wcwidth
  constrains:
  - ptable >=9999
  license: BSD-3-Clause
  license_family: BSD
  size: 35019
  timestamp: 1742905940789
- conda: https://conda.anaconda.org/conda-forge/osx-arm64/psutil-7.1.0-py313h6535dbc_0.conda
  sha256: e29785861f5a3af7feb010a5d58501994f672ca4c76a1676f5b80886dcce5613
  md5: 7ef1ef75e236bea54eebb1df1584f8ee
  depends:
  - __osx >=11.0
  - python >=3.13,<3.14.0a0
  - python >=3.13,<3.14.0a0 *_cp313
  - python_abi 3.13.* *_cp313
  license: BSD-3-Clause
  license_family: BSD
  size: 491438
  timestamp: 1758169690805
- conda: https://conda.anaconda.org/conda-forge/noarch/pycparser-2.22-pyh29332c3_1.conda
  sha256: 79db7928d13fab2d892592223d7570f5061c192f27b9febd1a418427b719acc6
  md5: 12c566707c80111f9799308d9e265aef
  depends:
  - python >=3.9
  - python
  license: BSD-3-Clause
  license_family: BSD
  size: 110100
  timestamp: 1733195786147
- conda: https://conda.anaconda.org/conda-forge/osx-arm64/pyobjc-core-11.1-py313had225c5_1.conda
  sha256: 9d4d32942bb2b11141836dadcebd7f54b60837447bc7eef3a9ad01a8adc11547
  md5: 60277e90c6cd9972a9e53f812e5ce83f
  depends:
  - __osx >=11.0
  - libffi >=3.4.6,<3.5.0a0
  - python >=3.13,<3.14.0a0
  - python >=3.13,<3.14.0a0 *_cp313
  - python_abi 3.13.* *_cp313
  - setuptools
  license: MIT
  license_family: MIT
  size: 478509
  timestamp: 1756813300773
- conda: https://conda.anaconda.org/conda-forge/osx-arm64/pyobjc-framework-cocoa-11.1-py313h4e140e3_1.conda
  sha256: 139322c875d35199836802fc545b814ffb2001af2cee956b9da4d2fc7d3aec45
  md5: 1057463a9f16501716f978534aa2d838
  depends:
  - __osx >=11.0
  - libffi >=3.4.6,<3.5.0a0
  - pyobjc-core 11.1.*
  - python >=3.13,<3.14.0a0
  - python >=3.13,<3.14.0a0 *_cp313
  - python_abi 3.13.* *_cp313
  license: MIT
  license_family: MIT
  size: 381682
  timestamp: 1756824258635
- conda: https://conda.anaconda.org/conda-forge/noarch/pyparsing-3.2.5-pyhcf101f3_0.conda
  sha256: 6814b61b94e95ffc45ec539a6424d8447895fef75b0fec7e1be31f5beee883fb
  md5: 6c8979be6d7a17692793114fa26916e8
  depends:
  - python >=3.10
  - python
  license: MIT
  license_family: MIT
  size: 104044
  timestamp: 1758436411254
- conda: https://conda.anaconda.org/conda-forge/noarch/pyperclip-1.11.0-pyh534df25_0.conda
  sha256: 7d9a47bb6b7a884218340f9aeb5976e566ae1d9b6fdee0e532e8bc5061226a7f
  md5: 613e9b6eb949baf115bc4a978b903e9d
  depends:
  - __osx
  - pyobjc-framework-cocoa
  - python >=3.10
  license: BSD-3-Clause
  license_family: BSD
  size: 17000
  timestamp: 1758906964482
- conda: https://conda.anaconda.org/conda-forge/noarch/pysocks-1.7.1-pyha55dd90_7.conda
  sha256: ba3b032fa52709ce0d9fd388f63d330a026754587a2f461117cac9ab73d8d0d8
  md5: 461219d1a5bd61342293efa2c0c90eac
  depends:
  - __unix
  - python >=3.9
  license: BSD-3-Clause
  license_family: BSD
  size: 21085
  timestamp: 1733217331982
- conda: https://conda.anaconda.org/conda-forge/osx-arm64/python-3.13.7-h5c937ed_100_cp313.conda
  build_number: 100
  sha256: b9776cc330fa4836171a42e0e9d9d3da145d7702ba6ef9fad45e94f0f016eaef
  md5: 445d057271904b0e21e14b1fa1d07ba5
  depends:
  - __osx >=11.0
  - bzip2 >=1.0.8,<2.0a0
  - libexpat >=2.7.1,<3.0a0
  - libffi >=3.4.6,<3.5.0a0
  - liblzma >=5.8.1,<6.0a0
  - libmpdec >=4.0.0,<5.0a0
  - libsqlite >=3.50.4,<4.0a0
  - libzlib >=1.3.1,<2.0a0
  - ncurses >=6.5,<7.0a0
  - openssl >=3.5.2,<4.0a0
  - python_abi 3.13.* *_cp313
  - readline >=8.2,<9.0a0
  - tk >=8.6.13,<8.7.0a0
  - tzdata
  license: Python-2.0
  size: 11926240
  timestamp: 1756909724811
  python_site_packages_path: lib/python3.13/site-packages
- conda: https://conda.anaconda.org/conda-forge/noarch/python-cinderclient-9.7.0-pyhff2d567_0.conda
  sha256: 518a39a5ed8c2985365696fdb6bfd79edb98f36ce7bad35590bfeddef1245d39
  md5: 8f4a1896b10d270f88a2ce969f559b53
  depends:
  - keystoneauth1 >=5.0.0
  - oslo.i18n >=5.0.1
  - oslo.utils >=4.8.0
  - pbr
  - prettytable >=0.7.2
  - python >=3.9
  - requests >=2.25.1
  - stevedore >=3.3.0
  license: Apache-2.0
  license_family: APACHE
  size: 150737
  timestamp: 1741117452977
- conda: https://conda.anaconda.org/conda-forge/noarch/python-keystoneclient-5.7.0-pyh332efcf_0.conda
  sha256: cbbcfe5e024472a55aeddf07edadbd9f65fb3a41a2d9cd814cba0ea3f0f817d7
  md5: 3ddbb0c307bb2d5304f5427de22b6187
  depends:
  - debtcollector
  - keystoneauth1
  - oslo.config
  - oslo.i18n
  - oslo.serialization
  - oslo.utils
  - packaging
  - python >=3.10
  - requests
  - stevedore
  license: Apache-2.0
  license_family: APACHE
  size: 207534
  timestamp: 1756710464779
- conda: https://conda.anaconda.org/conda-forge/noarch/python-novaclient-18.11.0-pyh332efcf_0.conda
  sha256: 229bad33bb1b9cd1a683639def65289a0af12797638f7f7e9fbaef0c4b488eb1
  md5: 40852df8981723cdde24eb21129a6fdd
  depends:
  - iso8601 >=0.1.11
  - keystoneauth1 >=3.5.0
  - oslo.i18n >=3.15.3
  - oslo.serialization >2.19.1
  - oslo.utils >=3.33.0
  - pbr
  - prettytable >=0.7.2
  - python >=3.10
  - stevedore >=2.0.1
  license: Apache-2.0
  license_family: APACHE
  size: 208899
  timestamp: 1756783337255
- conda: https://conda.anaconda.org/conda-forge/noarch/python-openstackclient-8.2.0-pyh332efcf_0.conda
  sha256: 34f75b64e119ac7e6097592ba1527987a6ded0bc4a6ff26a91cad123b09d03e3
  md5: 13ef350352f7b16fef1743f6bdf30b3f
  depends:
  - cliff >=3.5.0
  - cryptography >=2.7
  - iso8601 >=0.1.11
  - openstacksdk >=2.0.0
  - osc-lib >=2.3.0
  - oslo.i18n >=3.15.3
  - python >=3.10
  - python-cinderclient >=3.3.0
  - python-keystoneclient >=3.22.0
  - python-novaclient >=18.1.0
  - setuptools
  - stevedore >=2.0.1
  license: Apache-2.0
  license_family: APACHE
  size: 501237
  timestamp: 1755881935950
- conda: https://conda.anaconda.org/conda-forge/noarch/python-tzdata-2025.2-pyhd8ed1ab_0.conda
  sha256: e8392a8044d56ad017c08fec2b0eb10ae3d1235ac967d0aab8bd7b41c4a5eaf0
  md5: 88476ae6ebd24f39261e0854ac244f33
  depends:
  - python >=3.9
  license: Apache-2.0
  license_family: APACHE
  size: 144160
  timestamp: 1742745254292
- conda: https://conda.anaconda.org/conda-forge/noarch/python_abi-3.13-8_cp313.conda
  build_number: 8
  sha256: 210bffe7b121e651419cb196a2a63687b087497595c9be9d20ebe97dd06060a7
  md5: 94305520c52a4aa3f6c2b1ff6008d9f8
  constrains:
  - python 3.13.* *_cp313
  license: BSD-3-Clause
  license_family: BSD
  size: 7002
  timestamp: 1752805902938
- conda: https://conda.anaconda.org/conda-forge/noarch/pytz-2025.2-pyhd8ed1ab_0.conda
  sha256: 8d2a8bf110cc1fc3df6904091dead158ba3e614d8402a83e51ed3a8aa93cdeb0
  md5: bc8e3267d44011051f2eb14d22fb0960
  depends:
  - python >=3.9
  license: MIT
  license_family: MIT
  size: 189015
  timestamp: 1742920947249
- conda: https://conda.anaconda.org/conda-forge/osx-arm64/pyyaml-6.0.3-py313h7d74516_0.conda
  sha256: f5be0d84f72a567b7333b9efa74a65bfa44a25658cf107ffa3fc65d3ae6660d7
  md5: 0e8e3235217b4483a7461b63dca5826b
  depends:
  - __osx >=11.0
  - python >=3.13,<3.14.0a0
  - python >=3.13,<3.14.0a0 *_cp313
  - python_abi 3.13.* *_cp313
  - yaml >=0.2.5,<0.3.0a0
  license: MIT
  license_family: MIT
  size: 191630
  timestamp: 1758892258120
- conda: https://conda.anaconda.org/conda-forge/osx-arm64/readline-8.2-h1d1bf99_2.conda
  sha256: 7db04684d3904f6151eff8673270922d31da1eea7fa73254d01c437f49702e34
  md5: 63ef3f6e6d6d5c589e64f11263dc5676
  depends:
  - ncurses >=6.5,<7.0a0
  license: GPL-3.0-only
  license_family: GPL
  size: 252359
  timestamp: 1740379663071
- conda: https://conda.anaconda.org/conda-forge/noarch/requests-2.32.5-pyhd8ed1ab_0.conda
  sha256: 8dc54e94721e9ab545d7234aa5192b74102263d3e704e6d0c8aa7008f2da2a7b
  md5: db0c6b99149880c8ba515cf4abe93ee4
  depends:
  - certifi >=2017.4.17
  - charset-normalizer >=2,<4
  - idna >=2.5,<4
  - python >=3.9
  - urllib3 >=1.21.1,<3
  constrains:
  - chardet >=3.0.2,<6
  license: Apache-2.0
  license_family: APACHE
  size: 59263
  timestamp: 1755614348400
- conda: https://conda.anaconda.org/conda-forge/noarch/requestsexceptions-1.4.0-py_0.tar.bz2
  sha256: f91fe2516272d9663af60c30503b6dd065bc53802407d146777f40ba6be7a620
  md5: cedf3ef3827c2732e80f7c84074f3a1d
  depends:
  - python
  license: Apache 2.0
  license_family: Apache
  size: 9447
- conda: https://conda.anaconda.org/conda-forge/noarch/resolvelib-1.0.1-pyhd8ed1ab_0.conda
  sha256: aa100c5e8c9c7731e5d9f56435bfd89bd9e34551f12cd0a4b0df69470695270e
  md5: 3f9f4ffb76bd4524792f2ff02f446819
  depends:
  - python >=3.6
  license: ISC
  size: 350741
  timestamp: 1678668060675
- conda: https://conda.anaconda.org/conda-forge/noarch/rfc3986-2.0.0-pyhd8ed1ab_1.conda
  sha256: d617373ba1a5108336cb87754d030b9e384dcf91796d143fa60fe61e76e5cfb0
  md5: 43e14f832d7551e5a8910672bfc3d8c6
  depends:
  - python >=3.9
  license: Apache-2.0
  license_family: APACHE
  size: 38028
  timestamp: 1733921806657
- conda: https://conda.anaconda.org/conda-forge/noarch/setuptools-80.9.0-pyhff2d567_0.conda
  sha256: 972560fcf9657058e3e1f97186cc94389144b46dbdf58c807ce62e83f977e863
  md5: 4de79c071274a53dcaf2a8c749d1499e
  depends:
  - python >=3.9
  license: MIT
  license_family: MIT
  size: 748788
  timestamp: 1748804951958
- conda: https://conda.anaconda.org/conda-forge/noarch/stevedore-5.5.0-pyhd8ed1ab_0.conda
  sha256: c54433c683434b16c17899ef45c5282741fe5b90926aed6df0f47da45f387d19
  md5: 8ad4302ff8bc94fc9d21b27e2506d469
  depends:
  - pbr !=2.1.0,>=2.0.0
  - python >=3.10
  license: Apache-2.0
  license_family: Apache
  size: 33749
  timestamp: 1756199158291
- conda: https://conda.anaconda.org/conda-forge/osx-arm64/tk-8.6.13-h892fb3f_2.conda
  sha256: cb86c522576fa95c6db4c878849af0bccfd3264daf0cc40dd18e7f4a7bfced0e
  md5: 7362396c170252e7b7b0c8fb37fe9c78
  depends:
  - __osx >=11.0
  - libzlib >=1.3.1,<2.0a0
  license: TCL
  license_family: BSD
  size: 3125538
  timestamp: 1748388189063
- conda: https://conda.anaconda.org/conda-forge/noarch/typing-extensions-4.15.0-h396c80c_0.conda
  sha256: 7c2df5721c742c2a47b2c8f960e718c930031663ac1174da67c1ed5999f7938c
  md5: edd329d7d3a4ab45dcf905899a7a6115
  depends:
  - typing_extensions ==4.15.0 pyhcf101f3_0
  license: PSF-2.0
  license_family: PSF
  size: 91383
  timestamp: 1756220668932
- conda: https://conda.anaconda.org/conda-forge/noarch/typing_extensions-4.15.0-pyhcf101f3_0.conda
  sha256: 032271135bca55aeb156cee361c81350c6f3fb203f57d024d7e5a1fc9ef18731
  md5: 0caa1af407ecff61170c9437a808404d
  depends:
  - python >=3.10
  - python
  license: PSF-2.0
  license_family: PSF
  size: 51692
  timestamp: 1756220668932
- conda: https://conda.anaconda.org/conda-forge/noarch/tzdata-2025b-h78e105d_0.conda
  sha256: 5aaa366385d716557e365f0a4e9c3fca43ba196872abbbe3d56bb610d131e192
  md5: 4222072737ccff51314b5ece9c7d6f5a
  license: LicenseRef-Public-Domain
  size: 122968
  timestamp: 1742727099393
- conda: https://conda.anaconda.org/conda-forge/noarch/urllib3-2.5.0-pyhd8ed1ab_0.conda
  sha256: 4fb9789154bd666ca74e428d973df81087a697dbb987775bc3198d2215f240f8
  md5: 436c165519e140cb08d246a4472a9d6a
  depends:
  - brotli-python >=1.0.9
  - h2 >=4,<5
  - pysocks >=1.5.6,<2.0,!=1.5.7
  - python >=3.9
  - zstandard >=0.18.0
  license: MIT
  license_family: MIT
  size: 101735
  timestamp: 1750271478254
- conda: https://conda.anaconda.org/conda-forge/noarch/wcwidth-0.2.14-pyhd8ed1ab_0.conda
  sha256: e311b64e46c6739e2a35ab8582c20fa30eb608da130625ed379f4467219d4813
  md5: 7e1e5ff31239f9cd5855714df8a3783d
  depends:
  - python >=3.10
  license: MIT
  license_family: MIT
  size: 33670
  timestamp: 1758622418893
- conda: https://conda.anaconda.org/conda-forge/osx-arm64/wrapt-1.17.3-py313hcdf3177_1.conda
  sha256: 5919f7142db9344116760b797e4a5d28ca3961f927a2ba1c4a61d3f0f3282dd2
  md5: cd6b5084444b0b4ed22dde20355d4c4b
  depends:
  - __osx >=11.0
  - python >=3.13,<3.14.0a0
  - python >=3.13,<3.14.0a0 *_cp313
  - python_abi 3.13.* *_cp313
  license: BSD-2-Clause
  license_family: BSD
  size: 62577
  timestamp: 1756851972334
- conda: https://conda.anaconda.org/conda-forge/osx-arm64/yaml-0.2.5-h925e9cb_3.conda
  sha256: b03433b13d89f5567e828ea9f1a7d5c5d697bf374c28a4168d71e9464f5dafac
  md5: 78a0fe9e9c50d2c381e8ee47e3ea437d
  depends:
  - __osx >=11.0
  license: MIT
  license_family: MIT
  size: 83386
  timestamp: 1753484079473
- conda: https://conda.anaconda.org/conda-forge/noarch/zipp-3.23.0-pyhd8ed1ab_0.conda
  sha256: 7560d21e1b021fd40b65bfb72f67945a3fcb83d78ad7ccf37b8b3165ec3b68ad
  md5: df5e78d904988eb55042c0c97446079f
  depends:
  - python >=3.9
  license: MIT
  license_family: MIT
  size: 22963
  timestamp: 1749421737203
- conda: https://conda.anaconda.org/conda-forge/osx-arm64/zstandard-0.25.0-py313h9734d34_0.conda
  sha256: 8a1bf8a66c05f724e8a56cb1918eae70bcb467a7c5d43818e37e04d86332c513
  md5: ce17795bf104a29a2c7ed0bba7a804cb
  depends:
  - python
  - cffi >=1.11
  - zstd >=1.5.7,<1.5.8.0a0
  - __osx >=11.0
  - python 3.13.* *_cp313
  - zstd >=1.5.7,<1.6.0a0
  - python_abi 3.13.* *_cp313
  license: BSD-3-Clause
  license_family: BSD
  size: 396477
  timestamp: 1757930170468
- conda: https://conda.anaconda.org/conda-forge/osx-arm64/zstd-1.5.7-h6491c7d_2.conda
  sha256: 0d02046f57f7a1a3feae3e9d1aa2113788311f3cf37a3244c71e61a93177ba67
  md5: e6f69c7bcccdefa417f056fa593b40f0
  depends:
  - __osx >=11.0
  - libzlib >=1.3.1,<2.0a0
  license: BSD-3-Clause
  license_family: BSD
  size: 399979
  timestamp: 1742433432699
