version: 6
environments:
  default:
    channels:
    - url: https://conda.anaconda.org/conda-forge/
    options:
      pypi-prerelease-mode: if-necessary-or-explicit
    packages:
      osx-arm64:
      - conda: https://conda.anaconda.org/conda-forge/noarch/ansible-12.0.0-pyh707e725_0.conda
      - conda: https://conda.anaconda.org/conda-forge/noarch/ansible-core-2.19.3-pyh707e725_0.conda
      - conda: https://conda.anaconda.org/conda-forge/noarch/appdirs-1.4.4-pyhd8ed1ab_1.conda
      - conda: https://conda.anaconda.org/conda-forge/noarch/attrs-25.4.0-pyhcf101f3_1.conda
      - conda: https://conda.anaconda.org/conda-forge/noarch/autopage-0.5.2-pyhd8ed1ab_1.conda
      - conda: https://conda.anaconda.org/conda-forge/osx-arm64/backports.zstd-1.3.0-py313h48bb75e_0.conda
      - conda: https://conda.anaconda.org/conda-forge/osx-arm64/brotli-python-1.2.0-py313hde1f3bb_1.conda
      - conda: https://conda.anaconda.org/conda-forge/osx-arm64/bzip2-1.0.8-hd037594_8.conda
      - conda: https://conda.anaconda.org/conda-forge/noarch/ca-certificates-2026.1.4-hbd8a1cb_0.conda
      - conda: https://conda.anaconda.org/conda-forge/noarch/certifi-2026.1.4-pyhd8ed1ab_0.conda
      - conda: https://conda.anaconda.org/conda-forge/osx-arm64/cffi-2.0.0-py313h224173a_1.conda
      - conda: https://conda.anaconda.org/conda-forge/noarch/charset-normalizer-3.4.4-pyhd8ed1ab_0.conda
      - conda: https://conda.anaconda.org/conda-forge/noarch/cliff-4.13.0-pyhd8ed1ab_0.conda
      - conda: https://conda.anaconda.org/conda-forge/osx-arm64/cmd2-2.5.2-py313h8f79df9_0.conda
      - conda: https://conda.anaconda.org/conda-forge/osx-arm64/cryptography-46.0.3-py313h76c770c_1.conda
      - conda: https://conda.anaconda.org/conda-forge/noarch/debtcollector-3.0.0-pyhd8ed1ab_1.conda
      - conda: https://conda.anaconda.org/conda-forge/noarch/decorator-5.2.1-pyhd8ed1ab_0.conda
      - conda: https://conda.anaconda.org/conda-forge/noarch/dogpile.cache-1.3.3-pyhd8ed1ab_0.conda
      - conda: https://conda.anaconda.org/conda-forge/noarch/h2-4.3.0-pyhcf101f3_0.conda
      - conda: https://conda.anaconda.org/conda-forge/noarch/hpack-4.1.0-pyhd8ed1ab_0.conda
      - conda: https://conda.anaconda.org/conda-forge/noarch/hyperframe-6.1.0-pyhd8ed1ab_0.conda
      - conda: https://conda.anaconda.org/conda-forge/osx-arm64/icu-78.2-h38cb7af_0.conda
      - conda: https://conda.anaconda.org/conda-forge/noarch/idna-3.11-pyhd8ed1ab_0.conda
      - conda: https://conda.anaconda.org/conda-forge/noarch/importlib-metadata-8.7.0-pyhe01879c_1.conda
      - conda: https://conda.anaconda.org/conda-forge/noarch/iso8601-2.1.0-pyhd8ed1ab_1.conda
      - conda: https://conda.anaconda.org/conda-forge/noarch/jinja2-3.1.6-pyhcf101f3_1.conda
      - conda: https://conda.anaconda.org/conda-forge/noarch/jmespath-1.0.1-pyhd8ed1ab_1.conda
      - conda: https://conda.anaconda.org/conda-forge/noarch/jsonpatch-1.33-pyhd8ed1ab_1.conda
      - conda: https://conda.anaconda.org/conda-forge/noarch/jsonpointer-3.0.0-pyhcf101f3_3.conda
      - conda: https://conda.anaconda.org/conda-forge/noarch/keystoneauth1-5.12.0-pyhd8ed1ab_0.conda
      - conda: https://conda.anaconda.org/conda-forge/osx-arm64/libcxx-21.1.8-hf598326_0.conda
      - conda: https://conda.anaconda.org/conda-forge/osx-arm64/libexpat-2.7.3-haf25636_0.conda
      - conda: https://conda.anaconda.org/conda-forge/osx-arm64/libffi-3.5.2-he5f378a_0.conda
      - conda: https://conda.anaconda.org/conda-forge/osx-arm64/liblzma-5.8.1-h39f12f2_2.conda
      - conda: https://conda.anaconda.org/conda-forge/osx-arm64/libmpdec-4.0.0-h5505292_0.conda
      - conda: https://conda.anaconda.org/conda-forge/osx-arm64/libsqlite-3.51.2-h1ae2325_0.conda
      - conda: https://conda.anaconda.org/conda-forge/osx-arm64/libzlib-1.3.1-h8359307_2.conda
      - conda: https://conda.anaconda.org/conda-forge/osx-arm64/markupsafe-3.0.3-py313h7d74516_0.conda
      - conda: https://conda.anaconda.org/conda-forge/osx-arm64/msgpack-python-1.1.2-py313ha61f8ec_1.conda
      - conda: https://conda.anaconda.org/conda-forge/osx-arm64/ncurses-6.5-h5e97a16_3.conda
      - conda: https://conda.anaconda.org/conda-forge/noarch/netaddr-1.3.0-pyhd8ed1ab_1.conda
      - conda: https://conda.anaconda.org/conda-forge/osx-arm64/openssl-3.6.0-h5503f6c_0.conda
      - conda: https://conda.anaconda.org/conda-forge/noarch/openstacksdk-4.8.0-pyhd8ed1ab_0.conda
      - conda: https://conda.anaconda.org/conda-forge/noarch/os-service-types-1.8.2-pyhd8ed1ab_0.conda
      - conda: https://conda.anaconda.org/conda-forge/noarch/osc-lib-4.2.0-pyhd8ed1ab_0.conda
      - conda: https://conda.anaconda.org/conda-forge/noarch/oslo.config-10.2.0-pyhd8ed1ab_0.conda
      - conda: https://conda.anaconda.org/conda-forge/noarch/oslo.i18n-6.7.1-pyhd8ed1ab_0.conda
      - conda: https://conda.anaconda.org/conda-forge/noarch/oslo.serialization-5.9.0-pyhd8ed1ab_0.conda
      - conda: https://conda.anaconda.org/conda-forge/noarch/oslo.utils-9.2.0-pyhd8ed1ab_0.conda
      - conda: https://conda.anaconda.org/conda-forge/noarch/packaging-25.0-pyh29332c3_1.conda
      - conda: https://conda.anaconda.org/conda-forge/noarch/pbr-7.0.3-pyhd8ed1ab_0.conda
      - conda: https://conda.anaconda.org/conda-forge/noarch/pip-25.3-pyh145f28c_0.conda
      - conda: https://conda.anaconda.org/conda-forge/noarch/platformdirs-4.5.1-pyhcf101f3_0.conda
      - conda: https://conda.anaconda.org/conda-forge/noarch/prettytable-3.17.0-pyhd8ed1ab_0.conda
      - conda: https://conda.anaconda.org/conda-forge/osx-arm64/psutil-7.2.1-py313h6688731_0.conda
      - conda: https://conda.anaconda.org/conda-forge/noarch/pycparser-2.22-pyh29332c3_1.conda
      - conda: https://conda.anaconda.org/conda-forge/osx-arm64/pyobjc-core-12.1-py313h40b429f_0.conda
      - conda: https://conda.anaconda.org/conda-forge/osx-arm64/pyobjc-framework-cocoa-12.1-py313hcc5defa_0.conda
      - conda: https://conda.anaconda.org/conda-forge/noarch/pyparsing-3.3.1-pyhcf101f3_0.conda
      - conda: https://conda.anaconda.org/conda-forge/noarch/pyperclip-1.11.0-pyh534df25_0.conda
      - conda: https://conda.anaconda.org/conda-forge/noarch/pysocks-1.7.1-pyha55dd90_7.conda
      - conda: https://conda.anaconda.org/conda-forge/osx-arm64/python-3.13.11-hfc2f54d_100_cp313.conda
      - conda: https://conda.anaconda.org/conda-forge/noarch/python-cinderclient-9.8.0-pyh332efcf_0.conda
      - conda: https://conda.anaconda.org/conda-forge/noarch/python-keystoneclient-5.7.0-pyh332efcf_0.conda
      - conda: https://conda.anaconda.org/conda-forge/noarch/python-novaclient-18.11.0-pyh332efcf_0.conda
      - conda: https://conda.anaconda.org/conda-forge/noarch/python-openstackclient-8.3.0-pyh332efcf_0.conda
      - conda: https://conda.anaconda.org/conda-forge/noarch/python-tzdata-2025.3-pyhd8ed1ab_0.conda
      - conda: https://conda.anaconda.org/conda-forge/noarch/python_abi-3.13-8_cp313.conda
      - conda: https://conda.anaconda.org/conda-forge/noarch/pytz-2025.2-pyhd8ed1ab_0.conda
      - conda: https://conda.anaconda.org/conda-forge/osx-arm64/pyyaml-6.0.3-py313h7d74516_0.conda
      - conda: https://conda.anaconda.org/conda-forge/osx-arm64/readline-8.3-h46df422_0.conda
      - conda: https://conda.anaconda.org/conda-forge/noarch/requests-2.32.5-pyhcf101f3_1.conda
      - conda: https://conda.anaconda.org/conda-forge/noarch/requestsexceptions-1.4.0-py_0.tar.bz2
      - conda: https://conda.anaconda.org/conda-forge/noarch/resolvelib-1.0.1-pyhd8ed1ab_0.conda
      - conda: https://conda.anaconda.org/conda-forge/noarch/rfc3986-2.0.0-pyhd8ed1ab_1.conda
      - conda: https://conda.anaconda.org/conda-forge/noarch/setuptools-80.9.0-pyhff2d567_0.conda
      - conda: https://conda.anaconda.org/conda-forge/noarch/stevedore-5.6.0-pyhd8ed1ab_0.conda
      - conda: https://conda.anaconda.org/conda-forge/osx-arm64/tk-8.6.13-h892fb3f_3.conda
      - conda: https://conda.anaconda.org/conda-forge/noarch/typing-extensions-4.15.0-h396c80c_0.conda
      - conda: https://conda.anaconda.org/conda-forge/noarch/typing_extensions-4.15.0-pyhcf101f3_0.conda
      - conda: https://conda.anaconda.org/conda-forge/noarch/tzdata-2025c-hc9c84f9_1.conda
      - conda: https://conda.anaconda.org/conda-forge/noarch/urllib3-2.6.3-pyhd8ed1ab_0.conda
      - conda: https://conda.anaconda.org/conda-forge/noarch/wcwidth-0.2.14-pyhd8ed1ab_0.conda
      - conda: https://conda.anaconda.org/conda-forge/osx-arm64/wrapt-2.0.1-py313h6535dbc_1.conda
      - conda: https://conda.anaconda.org/conda-forge/osx-arm64/yaml-0.2.5-h925e9cb_3.conda
      - conda: https://conda.anaconda.org/conda-forge/noarch/zipp-3.23.0-pyhcf101f3_1.conda
      - conda: https://conda.anaconda.org/conda-forge/osx-arm64/zstd-1.5.7-hbf9d68e_6.conda
packages:
- conda: https://conda.anaconda.org/conda-forge/noarch/ansible-12.0.0-pyh707e725_0.conda
  sha256: 6fcbc48fb1071d7d7db94a669dcbecdb41a9a6778915990d99d4293ddad3896e
  md5: 88c6adb39b30687b612d389281ed2426
  depends:
  - __unix
  - ansible-core >=2.19.1,<2.20.dev0
  - python >=3.11
  license: GPL-3.0-only
  license_family: GPL
  size: 24242640
  timestamp: 1757481304326
- conda: https://conda.anaconda.org/conda-forge/noarch/ansible-core-2.19.3-pyh707e725_0.conda
  sha256: 5d103ea8089fb2b09102d4f68d77a5dae453022d9e2a9d9f4b8c79f46494f5c4
  md5: f5eb9f3e14067925bf809401b79617a7
  depends:
  - __unix
  - cryptography
  - jinja2 >=3.0.0
  - packaging
  - python >=3.11
  - pyyaml >=5.1
  - resolvelib >=0.5.3,<1.1.0
  license: GPL-3.0-or-later
  license_family: GPL
  size: 1468494
  timestamp: 1761274338811
- conda: https://conda.anaconda.org/conda-forge/noarch/appdirs-1.4.4-pyhd8ed1ab_1.conda
  sha256: 5b9ef6d338525b332e17c3ed089ca2f53a5d74b7a7b432747d29c6466e39346d
  md5: f4e90937bbfc3a4a92539545a37bb448
  depends:
  - python >=3.9
  license: MIT
  license_family: MIT
  size: 14835
  timestamp: 1733754069532
- conda: https://conda.anaconda.org/conda-forge/noarch/attrs-25.4.0-pyhcf101f3_1.conda
  sha256: c13d5e42d187b1d0255f591b7ce91201d4ed8a5370f0d986707a802c20c9d32f
  md5: 537296d57ea995666c68c821b00e360b
  depends:
  - python >=3.10
  - python
  license: MIT
  license_family: MIT
  size: 64759
  timestamp: 1764875182184
- conda: https://conda.anaconda.org/conda-forge/noarch/autopage-0.5.2-pyhd8ed1ab_1.conda
  sha256: 51f6e632488f956b1ab0c92d6fe6d056c19945afcddd0db210b58878aedb652a
  md5: 5955f68dcad530e8de381114db0527c2
  depends:
  - python >=3.9
  license: Apache-2.0
  license_family: APACHE
  size: 28346
  timestamp: 1734338002366
- conda: https://conda.anaconda.org/conda-forge/osx-arm64/backports.zstd-1.3.0-py313h48bb75e_0.conda
  sha256: f3047ca3b41bb444b4b5a71a6eee182623192c77019746dd4685fd260becb249
  md5: 54008c5cc8928e5cb5a0f9206b829451
  depends:
  - python
  - python 3.13.* *_cp313
  - __osx >=11.0
  - zstd >=1.5.7,<1.6.0a0
  - python_abi 3.13.* *_cp313
  license: BSD-3-Clause AND MIT AND EPL-2.0
  size: 244371
  timestamp: 1767045003420
- conda: https://conda.anaconda.org/conda-forge/osx-arm64/brotli-python-1.2.0-py313hde1f3bb_1.conda
  sha256: 2e21dccccd68bedd483300f9ab87a425645f6776e6e578e10e0dd98c946e1be9
  md5: b03732afa9f4f54634d94eb920dfb308
  depends:
  - __osx >=11.0
  - libcxx >=19
  - python >=3.13,<3.14.0a0
  - python >=3.13,<3.14.0a0 *_cp313
  - python_abi 3.13.* *_cp313
  constrains:
  - libbrotlicommon 1.2.0 hc919400_1
  license: MIT
  license_family: MIT
  size: 359568
  timestamp: 1764018359470
- conda: https://conda.anaconda.org/conda-forge/osx-arm64/bzip2-1.0.8-hd037594_8.conda
  sha256: b456200636bd5fecb2bec63f7e0985ad2097cf1b83d60ce0b6968dffa6d02aa1
  md5: 58fd217444c2a5701a44244faf518206
  depends:
  - __osx >=11.0
  license: bzip2-1.0.6
  license_family: BSD
  size: 125061
  timestamp: 1757437486465
- conda: https://conda.anaconda.org/conda-forge/noarch/ca-certificates-2026.1.4-hbd8a1cb_0.conda
  sha256: b5974ec9b50e3c514a382335efa81ed02b05906849827a34061c496f4defa0b2
  md5: bddacf101bb4dd0e51811cb69c7790e2
  depends:
  - __unix
  license: ISC
  size: 146519
  timestamp: 1767500828366
- conda: https://conda.anaconda.org/conda-forge/noarch/certifi-2026.1.4-pyhd8ed1ab_0.conda
  sha256: 110338066d194a715947808611b763857c15458f8b3b97197387356844af9450
  md5: eacc711330cd46939f66cd401ff9c44b
  depends:
  - python >=3.10
  license: ISC
  size: 150969
  timestamp: 1767500900768
- conda: https://conda.anaconda.org/conda-forge/osx-arm64/cffi-2.0.0-py313h224173a_1.conda
  sha256: 1fa69651f5e81c25d48ac42064db825ed1a3e53039629db69f86b952f5ce603c
  md5: 050374657d1c7a4f2ea443c0d0cbd9a0
  depends:
  - __osx >=11.0
  - libffi >=3.5.2,<3.6.0a0
  - pycparser
  - python >=3.13,<3.14.0a0
  - python >=3.13,<3.14.0a0 *_cp313
  - python_abi 3.13.* *_cp313
  license: MIT
  license_family: MIT
  size: 291376
  timestamp: 1761203583358
- conda: https://conda.anaconda.org/conda-forge/noarch/charset-normalizer-3.4.4-pyhd8ed1ab_0.conda
  sha256: b32f8362e885f1b8417bac2b3da4db7323faa12d5db62b7fd6691c02d60d6f59
  md5: a22d1fd9bf98827e280a02875d9a007a
  depends:
  - python >=3.10
  license: MIT
  license_family: MIT
  size: 50965
  timestamp: 1760437331772
- conda: https://conda.anaconda.org/conda-forge/noarch/cliff-4.13.0-pyhd8ed1ab_0.conda
  sha256: bc9ea4db45426cb201674b5bf25d2aa884292f6c8b11b44650facb7d9fd0b6ff
  md5: d6363a60eedb8a41d7f3a5737060bb09
  depends:
  - autopage >=0.4.0
  - cmd2 >=1.0.0
  - importlib-metadata >=4.4
  - prettytable >=0.7.2
  - python >=3.10
  - pyyaml >=3.12
  - stevedore >=2.0.1
  license: Apache-2.0
  license_family: APACHE
  size: 60822
  timestamp: 1764841177503
- conda: https://conda.anaconda.org/conda-forge/osx-arm64/cmd2-2.5.2-py313h8f79df9_0.conda
  sha256: bde420340d32180d1a62b3ffad4ceb607f3bf336a587e54693354c6b5f50dfc3
  md5: ab2a3554119cfaf29819bc459a4b1ad8
  depends:
  - attrs >=16.3.0
  - pyperclip >=1.6
  - python >=3.13,<3.14.0a0
  - python >=3.13,<3.14.0a0 *_cp313
  - python_abi 3.13.* *_cp313
  - setuptools
  - wcwidth >=0.1.7
  license: MIT
  license_family: MIT
  size: 294838
  timestamp: 1730668942222
- conda: https://conda.anaconda.org/conda-forge/osx-arm64/cryptography-46.0.3-py313h76c770c_1.conda
  sha256: ea8b464e53db32fb64fa22b736be8ee3b401d0395dc62e191d0cb8c36b7a86be
  md5: f6a4c9667a9994f3a499b4ce23e80959
  depends:
  - __osx >=11.0
  - cffi >=1.14
  - openssl >=3.5.4,<4.0a0
  - python >=3.13,<3.14.0a0
  - python >=3.13,<3.14.0a0 *_cp313
  - python_abi 3.13.* *_cp313
  constrains:
  - __osx >=11.0
  license: Apache-2.0 AND BSD-3-Clause AND PSF-2.0 AND MIT
  license_family: BSD
  size: 1596896
  timestamp: 1764805652572
- conda: https://conda.anaconda.org/conda-forge/noarch/debtcollector-3.0.0-pyhd8ed1ab_1.conda
  sha256: 88cfc741c905ee4deb8973294a465f1b0ae9f619e4c678221c1d350f07c38628
  md5: aa8c5e03c4ba1c6fcd27f9fb6e866666
  depends:
  - python >=3.9
  - wrapt >=1.7.0
  license: Apache-2.0
  license_family: Apache
  size: 22445
  timestamp: 1734503043687
- conda: https://conda.anaconda.org/conda-forge/noarch/decorator-5.2.1-pyhd8ed1ab_0.conda
  sha256: c17c6b9937c08ad63cb20a26f403a3234088e57d4455600974a0ce865cb14017
  md5: 9ce473d1d1be1cc3810856a48b3fab32
  depends:
  - python >=3.9
  license: BSD-2-Clause
  license_family: BSD
  size: 14129
  timestamp: 1740385067843
- conda: https://conda.anaconda.org/conda-forge/noarch/dogpile.cache-1.3.3-pyhd8ed1ab_0.conda
  sha256: 5f8aeee5de4edd6751f41791c8bc7cb8d8a634b7d5d5777cf3cb0ea7efcd5076
  md5: 6fe3e2cd5c26f4873a4ed1161b0e7c3a
  depends:
  - decorator >=4.0.0
  - python >=3.6
  - stevedore >=3.0.0
  - typing_extensions >=4.0.1
  license: MIT
  license_family: MIT
  size: 52734
  timestamp: 1714935696803
- conda: https://conda.anaconda.org/conda-forge/noarch/h2-4.3.0-pyhcf101f3_0.conda
  sha256: 84c64443368f84b600bfecc529a1194a3b14c3656ee2e832d15a20e0329b6da3
  md5: 164fc43f0b53b6e3a7bc7dce5e4f1dc9
  depends:
  - python >=3.10
  - hyperframe >=6.1,<7
  - hpack >=4.1,<5
  - python
  license: MIT
  license_family: MIT
  size: 95967
  timestamp: 1756364871835
- conda: https://conda.anaconda.org/conda-forge/noarch/hpack-4.1.0-pyhd8ed1ab_0.conda
  sha256: 6ad78a180576c706aabeb5b4c8ceb97c0cb25f1e112d76495bff23e3779948ba
  md5: 0a802cb9888dd14eeefc611f05c40b6e
  depends:
  - python >=3.9
  license: MIT
  license_family: MIT
  size: 30731
  timestamp: 1737618390337
- conda: https://conda.anaconda.org/conda-forge/noarch/hyperframe-6.1.0-pyhd8ed1ab_0.conda
  sha256: 77af6f5fe8b62ca07d09ac60127a30d9069fdc3c68d6b256754d0ffb1f7779f8
  md5: 8e6923fc12f1fe8f8c4e5c9f343256ac
  depends:
  - python >=3.9
  license: MIT
  license_family: MIT
  size: 17397
  timestamp: 1737618427549
- conda: https://conda.anaconda.org/conda-forge/osx-arm64/icu-78.2-h38cb7af_0.conda
  sha256: d4cefbca587429d1192509edc52c88de52bc96c2447771ddc1f8bee928aed5ef
  md5: 1e93aca311da0210e660d2247812fa02
  depends:
  - __osx >=11.0
  license: MIT
  license_family: MIT
  size: 12358010
  timestamp: 1767970350308
- conda: https://conda.anaconda.org/conda-forge/noarch/idna-3.11-pyhd8ed1ab_0.conda
  sha256: ae89d0299ada2a3162c2614a9d26557a92aa6a77120ce142f8e0109bbf0342b0
  md5: 53abe63df7e10a6ba605dc5f9f961d36
  depends:
  - python >=3.10
  license: BSD-3-Clause
  license_family: BSD
  size: 50721
  timestamp: 1760286526795
- conda: https://conda.anaconda.org/conda-forge/noarch/importlib-metadata-8.7.0-pyhe01879c_1.conda
  sha256: c18ab120a0613ada4391b15981d86ff777b5690ca461ea7e9e49531e8f374745
  md5: 63ccfdc3a3ce25b027b8767eb722fca8
  depends:
  - python >=3.9
  - zipp >=3.20
  - python
  license: Apache-2.0
  license_family: APACHE
  size: 34641
  timestamp: 1747934053147
- conda: https://conda.anaconda.org/conda-forge/noarch/iso8601-2.1.0-pyhd8ed1ab_1.conda
  sha256: bdfd0191d791f1b55d89ddafbec80a7ac9b5526e9a79053246996ecf1dc3e8f6
  md5: 29370dfa863fe2b6af79888a35f2da0d
  depends:
  - python >=3.9,<4
  license: MIT
  license_family: MIT
  size: 12985
  timestamp: 1733244992622
- conda: https://conda.anaconda.org/conda-forge/noarch/jinja2-3.1.6-pyhcf101f3_1.conda
  sha256: fc9ca7348a4f25fed2079f2153ecdcf5f9cf2a0bc36c4172420ca09e1849df7b
  md5: 04558c96691bed63104678757beb4f8d
  depends:
  - markupsafe >=2.0
  - python >=3.10
  - python
  license: BSD-3-Clause
  license_family: BSD
  size: 120685
  timestamp: 1764517220861
- conda: https://conda.anaconda.org/conda-forge/noarch/jmespath-1.0.1-pyhd8ed1ab_1.conda
  sha256: 3d2f20ee7fd731e3ff55c189db9c43231bc8bde957875817a609c227bcb295c6
  md5: 972bdca8f30147135f951847b30399ea
  depends:
  - python >=3.9
  license: MIT
  license_family: MIT
  size: 23708
  timestamp: 1733229244590
- conda: https://conda.anaconda.org/conda-forge/noarch/jsonpatch-1.33-pyhd8ed1ab_1.conda
  sha256: 304955757d1fedbe344af43b12b5467cca072f83cce6109361ba942e186b3993
  md5: cb60ae9cf02b9fcb8004dec4089e5691
  depends:
  - jsonpointer >=1.9
  - python >=3.9
  license: BSD-3-Clause
  license_family: BSD
  size: 17311
  timestamp: 1733814664790
- conda: https://conda.anaconda.org/conda-forge/noarch/jsonpointer-3.0.0-pyhcf101f3_3.conda
  sha256: 1a1328476d14dfa8b84dbacb7f7cd7051c175498406dc513ca6c679dc44f3981
  md5: cd2214824e36b0180141d422aba01938
  depends:
  - python >=3.10
  - python
  license: BSD-3-Clause
  license_family: BSD
  size: 13967
  timestamp: 1765026384757
- conda: https://conda.anaconda.org/conda-forge/noarch/keystoneauth1-5.12.0-pyhd8ed1ab_0.conda
  sha256: 25432ec2506dd5d1b5d45a25d5da7de57ce4b7b46584f0263af51e9f4db68167
  md5: 42d12682dd10e4ee1db189122e99358d
  depends:
  - iso8601 >=0.1.11
  - os-service-types >=1.2.0
  - pbr !=2.1.0,>=2.0.0
  - python >=3.10
  - requests >=2.14.2
  - stevedore >=1.20.0
  - typing-extensions >=4.12
  license: Apache-2.0
  license_family: Apache
  size: 199349
  timestamp: 1755881815439
- conda: https://conda.anaconda.org/conda-forge/osx-arm64/libcxx-21.1.8-hf598326_0.conda
  sha256: 82e228975fd491bcf1071ecd0a6ec2a0fcc5f57eb0bd1d52cb13a18d57c67786
  md5: 780f0251b757564e062187044232c2b7
  depends:
  - __osx >=11.0
  license: Apache-2.0 WITH LLVM-exception
  license_family: Apache
  size: 569118
  timestamp: 1765919724254
- conda: https://conda.anaconda.org/conda-forge/osx-arm64/libexpat-2.7.3-haf25636_0.conda
  sha256: fce22610ecc95e6d149e42a42fbc3cc9d9179bd4eb6232639a60f06e080eec98
  md5: b79875dbb5b1db9a4a22a4520f918e1a
  depends:
  - __osx >=11.0
  constrains:
  - expat 2.7.3.*
  license: MIT
  license_family: MIT
  size: 67800
  timestamp: 1763549994166
- conda: https://conda.anaconda.org/conda-forge/osx-arm64/libffi-3.5.2-he5f378a_0.conda
  sha256: 9b8acdf42df61b7bfe8bdc545c016c29e61985e79748c64ad66df47dbc2e295f
  md5: 411ff7cd5d1472bba0f55c0faf04453b
  depends:
  - __osx >=11.0
  license: MIT
  license_family: MIT
  size: 40251
  timestamp: 1760295839166
- conda: https://conda.anaconda.org/conda-forge/osx-arm64/liblzma-5.8.1-h39f12f2_2.conda
  sha256: 0cb92a9e026e7bd4842f410a5c5c665c89b2eb97794ffddba519a626b8ce7285
  md5: d6df911d4564d77c4374b02552cb17d1
  depends:
  - __osx >=11.0
  constrains:
  - xz 5.8.1.*
  license: 0BSD
  size: 92286
  timestamp: 1749230283517
- conda: https://conda.anaconda.org/conda-forge/osx-arm64/libmpdec-4.0.0-h5505292_0.conda
  sha256: 0a1875fc1642324ebd6c4ac864604f3f18f57fbcf558a8264f6ced028a3c75b2
  md5: 85ccccb47823dd9f7a99d2c7f530342f
  depends:
  - __osx >=11.0
  license: BSD-2-Clause
  license_family: BSD
  size: 71829
  timestamp: 1748393749336
- conda: https://conda.anaconda.org/conda-forge/osx-arm64/libsqlite-3.51.2-h1ae2325_0.conda
  sha256: 6e9b9f269732cbc4698c7984aa5b9682c168e2a8d1e0406e1ff10091ca046167
  md5: 4b0bf313c53c3e89692f020fb55d5f2c
  depends:
  - __osx >=11.0
  - icu >=78.2,<79.0a0
  - libzlib >=1.3.1,<2.0a0
  license: blessing
  size: 909777
  timestamp: 1768148320535
- conda: https://conda.anaconda.org/conda-forge/osx-arm64/libzlib-1.3.1-h8359307_2.conda
  sha256: ce34669eadaba351cd54910743e6a2261b67009624dbc7daeeafdef93616711b
  md5: 369964e85dc26bfe78f41399b366c435
  depends:
  - __osx >=11.0
  constrains:
  - zlib 1.3.1 *_2
  license: Zlib
  license_family: Other
  size: 46438
  timestamp: 1727963202283
- conda: https://conda.anaconda.org/conda-forge/osx-arm64/markupsafe-3.0.3-py313h7d74516_0.conda
  sha256: e06902a1bf370fdd4ada0a8c81c504868fdb7e9971b72c6bd395aa4e5a497bd2
  md5: 3df5979cc0b761dda0053ffdb0bca3ea
  depends:
  - __osx >=11.0
  - python >=3.13,<3.14.0a0
  - python >=3.13,<3.14.0a0 *_cp313
  - python_abi 3.13.* *_cp313
  constrains:
  - jinja2 >=3.0.0
  license: BSD-3-Clause
  license_family: BSD
  size: 25778
  timestamp: 1759055530601
- conda: https://conda.anaconda.org/conda-forge/osx-arm64/msgpack-python-1.1.2-py313ha61f8ec_1.conda
  sha256: b4a7557abb838de3890ceee6c61f78540b4b8ce74f2a03c334d7df5d476f7faa
  md5: 78bc73f3c5e84b432cdea463ea4e953e
  depends:
  - __osx >=11.0
  - libcxx >=19
  - python >=3.13,<3.14.0a0
  - python >=3.13,<3.14.0a0 *_cp313
  - python_abi 3.13.* *_cp313
  license: Apache-2.0
  license_family: Apache
  size: 91725
  timestamp: 1762504404391
- conda: https://conda.anaconda.org/conda-forge/osx-arm64/ncurses-6.5-h5e97a16_3.conda
  sha256: 2827ada40e8d9ca69a153a45f7fd14f32b2ead7045d3bbb5d10964898fe65733
  md5: 068d497125e4bf8a66bf707254fff5ae
  depends:
  - __osx >=11.0
  license: X11 AND BSD-3-Clause
  size: 797030
  timestamp: 1738196177597
- conda: https://conda.anaconda.org/conda-forge/noarch/netaddr-1.3.0-pyhd8ed1ab_1.conda
  sha256: 129eedcf6bcdf7f572cf6ae601d0e4fe96f1073949a5ed4b2851a741c2e39a02
  md5: 764473f3d826efc53ddd7dd9ef53f022
  depends:
  - python >=3.9
  license: BSD-3-Clause
  license_family: BSD
  size: 1532484
  timestamp: 1734502796812
- conda: https://conda.anaconda.org/conda-forge/osx-arm64/openssl-3.6.0-h5503f6c_0.conda
  sha256: ebe93dafcc09e099782fe3907485d4e1671296bc14f8c383cb6f3dfebb773988
  md5: b34dc4172653c13dcf453862f251af2b
  depends:
  - __osx >=11.0
  - ca-certificates
  license: Apache-2.0
  license_family: Apache
  size: 3108371
  timestamp: 1762839712322
- conda: https://conda.anaconda.org/conda-forge/noarch/openstacksdk-4.8.0-pyhd8ed1ab_0.conda
  sha256: efd0251c410acdce0b825aa2a53e54668f5126acab182488d711aeac85fafa3e
  md5: 29de162b758bd55444fa15905be46174
  depends:
  - appdirs >=1.3.0
  - cryptography >=2.7
  - decorator >=4.4.1
  - dogpile.cache >=0.6.5
  - iso8601 >=0.1.11
  - jmespath >=0.9.0
  - jsonpatch !=1.20,>=1.16
  - keystoneauth1 >=3.18.0
  - os-service-types >=1.7.0
  - pbr !=2.1.0,>=2.0.0
  - platformdirs >=3
  - psutil >=3.2.2
  - python >=3.10
  - pyyaml >=3.13
  - requestsexceptions >=1.2.0
  license: Apache-2.0
  license_family: Apache
  size: 825432
  timestamp: 1768132490305
- conda: https://conda.anaconda.org/conda-forge/noarch/os-service-types-1.8.2-pyhd8ed1ab_0.conda
  sha256: 8d345d3126868a13fe2893a42d9b770fa065e11b68b3b926ff00582f80b4d31a
  md5: 7ba6d827044707044935f03e126377ad
  depends:
  - pbr !=2.1.0,>=2.0.0
  - python >=3.10
  - typing-extensions
  license: Apache-2.0
  license_family: Apache
  size: 23611
  timestamp: 1764105147835
- conda: https://conda.anaconda.org/conda-forge/noarch/osc-lib-4.2.0-pyhd8ed1ab_0.conda
  sha256: ad4f8ae8b2ec2b2d433653f18428448588508120520701c46cc87e7ab7a7b76d
  md5: 08e3274cdc3f484bae2addcbda3225eb
  depends:
  - cliff >=3.2.0
  - keystoneauth1 >=3.14.0
  - openstacksdk >=0.15.0
  - oslo.i18n >=3.15.3
  - oslo.utils >=3.33.0
  - pbr
  - python >=3.10
  - setuptools
  - stevedore >=1.20.0
  license: Apache-2.0
  license_family: APACHE
  size: 69708
  timestamp: 1755881910377
- conda: https://conda.anaconda.org/conda-forge/noarch/oslo.config-10.2.0-pyhd8ed1ab_0.conda
  sha256: 049c3dc9467d1764751e70e81824fbf39bad191b069090cad7fc4060c6335d96
  md5: ce09a77f910ffdedb30dcb3138a1df37
  depends:
  - debtcollector >=1.2.0
  - netaddr >=0.7.18
  - oslo.i18n >=3.15.3
  - python >=3.10
  - pyyaml >=5.1
  - requests >=2.18.0
  - rfc3986 >=1.2.0
  - stevedore >=1.20.0
  license: Apache-2.0
  license_family: Apache
  size: 105322
  timestamp: 1767888571644
- conda: https://conda.anaconda.org/conda-forge/noarch/oslo.i18n-6.7.1-pyhd8ed1ab_0.conda
  sha256: 802973677225f3a55dce4ad6cc68bc88d873b72f605c00a2746663e14331eaea
  md5: 492d065bfd8408ea11ad49464cee3340
  depends:
  - pbr !=2.1.0,>=2.0.0
  - python >=3.10
  license: Apache-2.0
  license_family: Apache
  size: 35247
  timestamp: 1764106121108
- conda: https://conda.anaconda.org/conda-forge/noarch/oslo.serialization-5.9.0-pyhd8ed1ab_0.conda
  sha256: 0852fbfc6a96899bb139089c3f3e715a3c29ed32895c6a9101d5e1de6f52696e
  md5: adf3bf060ab1cb6b387899b9e265962d
  depends:
  - msgpack-python
  - oslo.utils
  - pbr
  - python >=3.10
  - pytz
  license: Apache-2.0
  license_family: APACHE
  size: 26773
  timestamp: 1766582749898
- conda: https://conda.anaconda.org/conda-forge/noarch/oslo.utils-9.2.0-pyhd8ed1ab_0.conda
  sha256: 3bf0f03ae99f34406af79d076ad43dafeb178dc0331bccab5315efd2ae901fe8
  md5: 10ff32d639c7c28446433e0f1b08dc1d
  depends:
  - debtcollector >=1.2.0
  - iso8601 >=0.1.11
  - netaddr >=0.10.0
  - oslo.i18n >=3.15.3
  - packaging >=20.4
  - psutil >=3.2.2
  - pyparsing >=2.1.0
  - python >=3.10
  - python-tzdata >=2022.4
  - pyyaml >=3.13
  license: Apache-2.0
  license_family: Apache
  size: 105753
  timestamp: 1763674541117
- conda: https://conda.anaconda.org/conda-forge/noarch/packaging-25.0-pyh29332c3_1.conda
  sha256: 289861ed0c13a15d7bbb408796af4de72c2fe67e2bcb0de98f4c3fce259d7991
  md5: 58335b26c38bf4a20f399384c33cbcf9
  depends:
  - python >=3.8
  - python
  license: Apache-2.0
  license_family: APACHE
  size: 62477
  timestamp: 1745345660407
- conda: https://conda.anaconda.org/conda-forge/noarch/pbr-7.0.3-pyhd8ed1ab_0.conda
  sha256: 09192c4b622f099c0d5749aaca86fba6c7f03e0900e1de5fb4b6887f216342ac
  md5: d312c4472944752588d76e119e6dd8f9
  depends:
  - pip
  - python >=3.10
  - setuptools
  license: Apache-2.0
  license_family: Apache
  size: 85207
  timestamp: 1762194733167
- conda: https://conda.anaconda.org/conda-forge/noarch/pip-25.3-pyh145f28c_0.conda
  sha256: 4d5e2faca810459724f11f78d19a0feee27a7be2b3fc5f7abbbec4c9fdcae93d
  md5: bf47878473e5ab9fdb4115735230e191
  depends:
  - python >=3.13.0a0
  license: MIT
  license_family: MIT
  size: 1177084
  timestamp: 1762776338614
- conda: https://conda.anaconda.org/conda-forge/noarch/platformdirs-4.5.1-pyhcf101f3_0.conda
  sha256: 04c64fb78c520e5c396b6e07bc9082735a5cc28175dbe23138201d0a9441800b
  md5: 1bd2e65c8c7ef24f4639ae6e850dacc2
  depends:
  - python >=3.10
  - python
  license: MIT
  license_family: MIT
  size: 23922
  timestamp: 1764950726246
- conda: https://conda.anaconda.org/conda-forge/noarch/prettytable-3.17.0-pyhd8ed1ab_0.conda
  sha256: a1cc667bd683f26c319ccab257cd3e17b33f34ef90ff4f548a811a342358c952
  md5: 9a12c482f559d39f3ed9550ba9e0eeb0
  depends:
  - python >=3.10
  - wcwidth
  constrains:
  - ptable >=9999
  license: BSD-3-Clause
  license_family: BSD
  size: 35808
  timestamp: 1763199361018
- conda: https://conda.anaconda.org/conda-forge/osx-arm64/psutil-7.2.1-py313h6688731_0.conda
  sha256: 2abd12a0371836075a72e12fde44f63ea08b3781e5b6ec997233d50b9c9832d9
  md5: c3a1b24571871fec4498a0226a3c22c1
  depends:
  - python
  - python 3.13.* *_cp313
  - __osx >=11.0
  - python_abi 3.13.* *_cp313
  license: BSD-3-Clause
  license_family: BSD
  size: 238851
  timestamp: 1767012473931
- conda: https://conda.anaconda.org/conda-forge/noarch/pycparser-2.22-pyh29332c3_1.conda
  sha256: 79db7928d13fab2d892592223d7570f5061c192f27b9febd1a418427b719acc6
  md5: 12c566707c80111f9799308d9e265aef
  depends:
  - python >=3.9
  - python
  license: BSD-3-Clause
  license_family: BSD
  size: 110100
  timestamp: 1733195786147
- conda: https://conda.anaconda.org/conda-forge/osx-arm64/pyobjc-core-12.1-py313h40b429f_0.conda
  sha256: 307ca29ebf2317bd2561639b1ee0290fd8c03c3450fa302b9f9437d8df6a5280
  md5: 31a0a72f3466682d0ea2ebcbd7d319b8
  depends:
  - __osx >=11.0
  - libffi >=3.5.2,<3.6.0a0
  - python >=3.13,<3.14.0a0
  - python >=3.13,<3.14.0a0 *_cp313
  - python_abi 3.13.* *_cp313
  - setuptools
  license: MIT
  license_family: MIT
  size: 481508
  timestamp: 1763152124940
- conda: https://conda.anaconda.org/conda-forge/osx-arm64/pyobjc-framework-cocoa-12.1-py313hcc5defa_0.conda
  sha256: 194e188d8119befc952d04157079733e2041a7a502d50340ddde632658799fdc
  md5: a6d28c8fc266a3d3c3dae183e25c4d31
  depends:
  - __osx >=11.0
  - libffi >=3.5.2,<3.6.0a0
  - pyobjc-core 12.1.*
  - python >=3.13,<3.14.0a0
  - python >=3.13,<3.14.0a0 *_cp313
  - python_abi 3.13.* *_cp313
  license: MIT
  license_family: MIT
  size: 376136
  timestamp: 1763160678792
- conda: https://conda.anaconda.org/conda-forge/noarch/pyparsing-3.3.1-pyhcf101f3_0.conda
  sha256: 0c70bc577f5efa87501bdc841b88f594f4d3f3a992dfb851e2130fa5c817835b
  md5: d837065e4e0de4962c3462079c23f969
  depends:
  - python >=3.10
  - python
  license: MIT
  license_family: MIT
  size: 110235
  timestamp: 1766475444791
- conda: https://conda.anaconda.org/conda-forge/noarch/pyperclip-1.11.0-pyh534df25_0.conda
  sha256: 7d9a47bb6b7a884218340f9aeb5976e566ae1d9b6fdee0e532e8bc5061226a7f
  md5: 613e9b6eb949baf115bc4a978b903e9d
  depends:
  - __osx
  - pyobjc-framework-cocoa
  - python >=3.10
  license: BSD-3-Clause
  license_family: BSD
  size: 17000
  timestamp: 1758906964482
- conda: https://conda.anaconda.org/conda-forge/noarch/pysocks-1.7.1-pyha55dd90_7.conda
  sha256: ba3b032fa52709ce0d9fd388f63d330a026754587a2f461117cac9ab73d8d0d8
  md5: 461219d1a5bd61342293efa2c0c90eac
  depends:
  - __unix
  - python >=3.9
  license: BSD-3-Clause
  license_family: BSD
  size: 21085
  timestamp: 1733217331982
- conda: https://conda.anaconda.org/conda-forge/osx-arm64/python-3.13.11-hfc2f54d_100_cp313.conda
  build_number: 100
  sha256: c476f4e9b6d97c46b496b442878924868a54e5727251549ebfc82027aa52af68
  md5: 18a8c69608151098a8fb75eea64cc266
  depends:
  - __osx >=11.0
  - bzip2 >=1.0.8,<2.0a0
  - libexpat >=2.7.3,<3.0a0
  - libffi >=3.5.2,<3.6.0a0
  - liblzma >=5.8.1,<6.0a0
  - libmpdec >=4.0.0,<5.0a0
  - libsqlite >=3.51.1,<4.0a0
  - libzlib >=1.3.1,<2.0a0
  - ncurses >=6.5,<7.0a0
  - openssl >=3.5.4,<4.0a0
  - python_abi 3.13.* *_cp313
  - readline >=8.2,<9.0a0
  - tk >=8.6.13,<8.7.0a0
  - tzdata
  license: Python-2.0
  size: 12920650
  timestamp: 1765020887340
  python_site_packages_path: lib/python3.13/site-packages
- conda: https://conda.anaconda.org/conda-forge/noarch/python-cinderclient-9.8.0-pyh332efcf_0.conda
  sha256: b50b57be68f741c27235bdc76842f0143f295f9b858272030c5441fa9b50d46b
  md5: c3645c81f31c7d08f6cfe0adb35f4f96
  depends:
  - keystoneauth1 >=5.0.0
  - oslo.i18n >=5.0.1
  - oslo.utils >=4.8.0
  - pbr
  - prettytable >=0.7.2
  - python >=3.10
  - requests >=2.25.1
  - stevedore >=3.3.0
  license: Apache-2.0
  license_family: APACHE
  size: 156687
  timestamp: 1764927459089
- conda: https://conda.anaconda.org/conda-forge/noarch/python-keystoneclient-5.7.0-pyh332efcf_0.conda
  sha256: cbbcfe5e024472a55aeddf07edadbd9f65fb3a41a2d9cd814cba0ea3f0f817d7
  md5: 3ddbb0c307bb2d5304f5427de22b6187
  depends:
  - debtcollector
  - keystoneauth1
  - oslo.config
  - oslo.i18n
  - oslo.serialization
  - oslo.utils
  - packaging
  - python >=3.10
  - requests
  - stevedore
  license: Apache-2.0
  license_family: APACHE
  size: 207534
  timestamp: 1756710464779
- conda: https://conda.anaconda.org/conda-forge/noarch/python-novaclient-18.11.0-pyh332efcf_0.conda
  sha256: 229bad33bb1b9cd1a683639def65289a0af12797638f7f7e9fbaef0c4b488eb1
  md5: 40852df8981723cdde24eb21129a6fdd
  depends:
  - iso8601 >=0.1.11
  - keystoneauth1 >=3.5.0
  - oslo.i18n >=3.15.3
  - oslo.serialization >2.19.1
  - oslo.utils >=3.33.0
  - pbr
  - prettytable >=0.7.2
  - python >=3.10
  - stevedore >=2.0.1
  license: Apache-2.0
  license_family: APACHE
  size: 208899
  timestamp: 1756783337255
- conda: https://conda.anaconda.org/conda-forge/noarch/python-openstackclient-8.3.0-pyh332efcf_0.conda
  sha256: bf63e37597c8acef1b087d0e31b1ccbf71b7f0fd6293820253312d7fabd5e859
  md5: 3d713ebfdc9dc270200c470ce022ec52
  depends:
  - cliff >=3.5.0
  - cryptography >=2.7
  - iso8601 >=0.1.11
  - openstacksdk >=2.0.0
  - osc-lib >=2.3.0
  - oslo.i18n >=3.15.3
  - python >=3.10
  - python-cinderclient >=3.3.0
  - python-keystoneclient >=3.22.0
  - python-novaclient >=18.1.0
  - setuptools
  - stevedore >=2.0.1
  license: Apache-2.0
  license_family: APACHE
  size: 507819
  timestamp: 1768068747062
- conda: https://conda.anaconda.org/conda-forge/noarch/python-tzdata-2025.3-pyhd8ed1ab_0.conda
  sha256: 467134ef39f0af2dbb57d78cb3e4821f01003488d331a8dd7119334f4f47bfbd
  md5: 7ead57407430ba33f681738905278d03
  depends:
  - python >=3.10
  license: Apache-2.0
  license_family: APACHE
  size: 143542
  timestamp: 1765719982349
- conda: https://conda.anaconda.org/conda-forge/noarch/python_abi-3.13-8_cp313.conda
  build_number: 8
  sha256: 210bffe7b121e651419cb196a2a63687b087497595c9be9d20ebe97dd06060a7
  md5: 94305520c52a4aa3f6c2b1ff6008d9f8
  constrains:
  - python 3.13.* *_cp313
  license: BSD-3-Clause
  license_family: BSD
  size: 7002
  timestamp: 1752805902938
- conda: https://conda.anaconda.org/conda-forge/noarch/pytz-2025.2-pyhd8ed1ab_0.conda
  sha256: 8d2a8bf110cc1fc3df6904091dead158ba3e614d8402a83e51ed3a8aa93cdeb0
  md5: bc8e3267d44011051f2eb14d22fb0960
  depends:
  - python >=3.9
  license: MIT
  license_family: MIT
  size: 189015
  timestamp: 1742920947249
- conda: https://conda.anaconda.org/conda-forge/osx-arm64/pyyaml-6.0.3-py313h7d74516_0.conda
  sha256: f5be0d84f72a567b7333b9efa74a65bfa44a25658cf107ffa3fc65d3ae6660d7
  md5: 0e8e3235217b4483a7461b63dca5826b
  depends:
  - __osx >=11.0
  - python >=3.13,<3.14.0a0
  - python >=3.13,<3.14.0a0 *_cp313
  - python_abi 3.13.* *_cp313
  - yaml >=0.2.5,<0.3.0a0
  license: MIT
  license_family: MIT
  size: 191630
  timestamp: 1758892258120
- conda: https://conda.anaconda.org/conda-forge/osx-arm64/readline-8.3-h46df422_0.conda
  sha256: a77010528efb4b548ac2a4484eaf7e1c3907f2aec86123ed9c5212ae44502477
  md5: f8381319127120ce51e081dce4865cf4
  depends:
  - __osx >=11.0
  - ncurses >=6.5,<7.0a0
  license: GPL-3.0-only
  license_family: GPL
  size: 313930
  timestamp: 1765813902568
- conda: https://conda.anaconda.org/conda-forge/noarch/requests-2.32.5-pyhcf101f3_1.conda
  sha256: 7813c38b79ae549504b2c57b3f33394cea4f2ad083f0994d2045c2e24cb538c5
  md5: c65df89a0b2e321045a9e01d1337b182
  depends:
  - python >=3.10
  - certifi >=2017.4.17
  - charset-normalizer >=2,<4
  - idna >=2.5,<4
  - urllib3 >=1.21.1,<3
  - python
  constrains:
  - chardet >=3.0.2,<6
  license: Apache-2.0
  license_family: APACHE
  size: 63602
  timestamp: 1766926974520
- conda: https://conda.anaconda.org/conda-forge/noarch/requestsexceptions-1.4.0-py_0.tar.bz2
  sha256: f91fe2516272d9663af60c30503b6dd065bc53802407d146777f40ba6be7a620
  md5: cedf3ef3827c2732e80f7c84074f3a1d
  depends:
  - python
  license: Apache 2.0
  license_family: Apache
  size: 9447
- conda: https://conda.anaconda.org/conda-forge/noarch/resolvelib-1.0.1-pyhd8ed1ab_0.conda
  sha256: aa100c5e8c9c7731e5d9f56435bfd89bd9e34551f12cd0a4b0df69470695270e
  md5: 3f9f4ffb76bd4524792f2ff02f446819
  depends:
  - python >=3.6
  license: ISC
  size: 350741
  timestamp: 1678668060675
- conda: https://conda.anaconda.org/conda-forge/noarch/rfc3986-2.0.0-pyhd8ed1ab_1.conda
  sha256: d617373ba1a5108336cb87754d030b9e384dcf91796d143fa60fe61e76e5cfb0
  md5: 43e14f832d7551e5a8910672bfc3d8c6
  depends:
  - python >=3.9
  license: Apache-2.0
  license_family: APACHE
  size: 38028
  timestamp: 1733921806657
- conda: https://conda.anaconda.org/conda-forge/noarch/setuptools-80.9.0-pyhff2d567_0.conda
  sha256: 972560fcf9657058e3e1f97186cc94389144b46dbdf58c807ce62e83f977e863
  md5: 4de79c071274a53dcaf2a8c749d1499e
  depends:
  - python >=3.9
  license: MIT
  license_family: MIT
  size: 748788
  timestamp: 1748804951958
- conda: https://conda.anaconda.org/conda-forge/noarch/stevedore-5.6.0-pyhd8ed1ab_0.conda
  sha256: 0980c00ec79684f6e8f359a4473e2869d8605823d3d5a14bf88d29200e05cf9e
  md5: b52371244d0474f6c9392555ffdf1394
  depends:
  - pbr !=2.1.0,>=2.0.0
  - python >=3.10
  license: Apache-2.0
  license_family: Apache
  size: 35983
  timestamp: 1763674609227
- conda: https://conda.anaconda.org/conda-forge/osx-arm64/tk-8.6.13-h892fb3f_3.conda
  sha256: ad0c67cb03c163a109820dc9ecf77faf6ec7150e942d1e8bb13e5d39dc058ab7
  md5: a73d54a5abba6543cb2f0af1bfbd6851
  depends:
  - __osx >=11.0
  - libzlib >=1.3.1,<2.0a0
  license: TCL
  license_family: BSD
  size: 3125484
  timestamp: 1763055028377
- conda: https://conda.anaconda.org/conda-forge/noarch/typing-extensions-4.15.0-h396c80c_0.conda
  sha256: 7c2df5721c742c2a47b2c8f960e718c930031663ac1174da67c1ed5999f7938c
  md5: edd329d7d3a4ab45dcf905899a7a6115
  depends:
  - typing_extensions ==4.15.0 pyhcf101f3_0
  license: PSF-2.0
  license_family: PSF
  size: 91383
  timestamp: 1756220668932
- conda: https://conda.anaconda.org/conda-forge/noarch/typing_extensions-4.15.0-pyhcf101f3_0.conda
  sha256: 032271135bca55aeb156cee361c81350c6f3fb203f57d024d7e5a1fc9ef18731
  md5: 0caa1af407ecff61170c9437a808404d
  depends:
  - python >=3.10
  - python
  license: PSF-2.0
  license_family: PSF
  size: 51692
  timestamp: 1756220668932
- conda: https://conda.anaconda.org/conda-forge/noarch/tzdata-2025c-hc9c84f9_1.conda
  sha256: 1d30098909076af33a35017eed6f2953af1c769e273a0626a04722ac4acaba3c
  md5: ad659d0a2b3e47e38d829aa8cad2d610
  license: LicenseRef-Public-Domain
  size: 119135
  timestamp: 1767016325805
- conda: https://conda.anaconda.org/conda-forge/noarch/urllib3-2.6.3-pyhd8ed1ab_0.conda
  sha256: af641ca7ab0c64525a96fd9ad3081b0f5bcf5d1cbb091afb3f6ed5a9eee6111a
  md5: 9272daa869e03efe68833e3dc7a02130
  depends:
  - backports.zstd >=1.0.0
  - brotli-python >=1.2.0
  - h2 >=4,<5
  - pysocks >=1.5.6,<2.0,!=1.5.7
  - python >=3.10
  license: MIT
  license_family: MIT
  size: 103172
  timestamp: 1767817860341
- conda: https://conda.anaconda.org/conda-forge/noarch/wcwidth-0.2.14-pyhd8ed1ab_0.conda
  sha256: e311b64e46c6739e2a35ab8582c20fa30eb608da130625ed379f4467219d4813
  md5: 7e1e5ff31239f9cd5855714df8a3783d
  depends:
  - python >=3.10
  license: MIT
  license_family: MIT
  size: 33670
  timestamp: 1758622418893
- conda: https://conda.anaconda.org/conda-forge/osx-arm64/wrapt-2.0.1-py313h6535dbc_1.conda
  sha256: caa3ac613e1ac06178c7995aef7cbc24a0f5b87100eb5727dc13d66b7b7c0f8e
  md5: a5e07b02c7771658520dde4c1efc9d69
  depends:
  - __osx >=11.0
  - python >=3.13,<3.14.0a0
  - python >=3.13,<3.14.0a0 *_cp313
  - python_abi 3.13.* *_cp313
  license: BSD-2-Clause
  license_family: BSD
  size: 84615
  timestamp: 1762595239077
- conda: https://conda.anaconda.org/conda-forge/osx-arm64/yaml-0.2.5-h925e9cb_3.conda
  sha256: b03433b13d89f5567e828ea9f1a7d5c5d697bf374c28a4168d71e9464f5dafac
  md5: 78a0fe9e9c50d2c381e8ee47e3ea437d
  depends:
  - __osx >=11.0
  license: MIT
  license_family: MIT
  size: 83386
  timestamp: 1753484079473
- conda: https://conda.anaconda.org/conda-forge/noarch/zipp-3.23.0-pyhcf101f3_1.conda
  sha256: b4533f7d9efc976511a73ef7d4a2473406d7f4c750884be8e8620b0ce70f4dae
  md5: 30cd29cb87d819caead4d55184c1d115
  depends:
  - python >=3.10
  - python
  license: MIT
  license_family: MIT
  size: 24194
  timestamp: 1764460141901
- conda: https://conda.anaconda.org/conda-forge/osx-arm64/zstd-1.5.7-hbf9d68e_6.conda
  sha256: 9485ba49e8f47d2b597dd399e88f4802e100851b27c21d7525625b0b4025a5d9
  md5: ab136e4c34e97f34fb621d2592a393d8
  depends:
  - __osx >=11.0
  - libzlib >=1.3.1,<2.0a0
  license: BSD-3-Clause
  license_family: BSD
  size: 433413
  timestamp: 1764777166076
