version: 6
environments:
  default:
    channels:
    - url: https://conda.anaconda.org/conda-forge/
    options:
      pypi-prerelease-mode: if-necessary-or-explicit
    packages:
      osx-arm64:
      - conda: https://conda.anaconda.org/conda-forge/noarch/ansible-12.0.0-pyh707e725_0.conda
      - conda: https://conda.anaconda.org/conda-forge/noarch/ansible-core-2.19.3-pyh707e725_0.conda
      - conda: https://conda.anaconda.org/conda-forge/noarch/appdirs-1.4.4-pyhd8ed1ab_1.conda
      - conda: https://conda.anaconda.org/conda-forge/noarch/attrs-25.4.0-pyhcf101f3_1.conda
      - conda: https://conda.anaconda.org/conda-forge/noarch/autopage-0.6.0-pyhd8ed1ab_0.conda
      - conda: https://conda.anaconda.org/conda-forge/osx-arm64/backports.zstd-1.3.0-py313h48bb75e_0.conda
      - conda: https://conda.anaconda.org/conda-forge/osx-arm64/brotli-python-1.2.0-py313hde1f3bb_1.conda
      - conda: https://conda.anaconda.org/conda-forge/osx-arm64/bzip2-1.0.8-hd037594_9.conda
      - conda: https://conda.anaconda.org/conda-forge/noarch/ca-certificates-2026.2.25-hbd8a1cb_0.conda
      - conda: https://conda.anaconda.org/conda-forge/noarch/certifi-2026.2.25-pyhd8ed1ab_0.conda
      - conda: https://conda.anaconda.org/conda-forge/osx-arm64/cffi-2.0.0-py313h224173a_1.conda
      - conda: https://conda.anaconda.org/conda-forge/noarch/charset-normalizer-3.4.6-pyhd8ed1ab_0.conda
      - conda: https://conda.anaconda.org/conda-forge/noarch/cliff-4.13.2-pyhd8ed1ab_0.conda
      - conda: https://conda.anaconda.org/conda-forge/osx-arm64/cmd2-2.5.2-py313h8f79df9_0.conda
      - conda: https://conda.anaconda.org/conda-forge/osx-arm64/cryptography-46.0.5-py313he3f6fad_0.conda
      - conda: https://conda.anaconda.org/conda-forge/noarch/debtcollector-3.0.0-pyhd8ed1ab_1.conda
      - conda: https://conda.anaconda.org/conda-forge/noarch/decorator-5.2.1-pyhd8ed1ab_0.conda
      - conda: https://conda.anaconda.org/conda-forge/noarch/dogpile.cache-1.3.3-pyhd8ed1ab_0.conda
      - conda: https://conda.anaconda.org/conda-forge/noarch/h2-4.3.0-pyhcf101f3_0.conda
      - conda: https://conda.anaconda.org/conda-forge/noarch/hpack-4.1.0-pyhd8ed1ab_0.conda
      - conda: https://conda.anaconda.org/conda-forge/noarch/hyperframe-6.1.0-pyhd8ed1ab_0.conda
      - conda: https://conda.anaconda.org/conda-forge/osx-arm64/icu-78.3-hef89b57_0.conda
      - conda: https://conda.anaconda.org/conda-forge/noarch/idna-3.11-pyhd8ed1ab_0.conda
      - conda: https://conda.anaconda.org/conda-forge/noarch/importlib-metadata-8.7.0-pyhe01879c_1.conda
      - conda: https://conda.anaconda.org/conda-forge/noarch/iso8601-2.1.0-pyhd8ed1ab_1.conda
      - conda: https://conda.anaconda.org/conda-forge/noarch/jinja2-3.1.6-pyhcf101f3_1.conda
      - conda: https://conda.anaconda.org/conda-forge/noarch/jmespath-1.1.0-pyhcf101f3_1.conda
      - conda: https://conda.anaconda.org/conda-forge/noarch/jsonpatch-1.33-pyhd8ed1ab_1.conda
      - conda: https://conda.anaconda.org/conda-forge/noarch/jsonpointer-3.0.0-pyhcf101f3_3.conda
      - conda: https://conda.anaconda.org/conda-forge/noarch/keystoneauth1-5.13.1-pyhd8ed1ab_0.conda
      - conda: https://conda.anaconda.org/conda-forge/osx-arm64/libcxx-22.1.1-h55c6f16_0.conda
      - conda: https://conda.anaconda.org/conda-forge/osx-arm64/libexpat-2.7.4-hf6b4638_0.conda
      - conda: https://conda.anaconda.org/conda-forge/osx-arm64/libffi-3.5.2-hcf2aa1b_0.conda
      - conda: https://conda.anaconda.org/conda-forge/osx-arm64/liblzma-5.8.2-h8088a28_0.conda
      - conda: https://conda.anaconda.org/conda-forge/osx-arm64/libmpdec-4.0.0-h84a0fba_1.conda
      - conda: https://conda.anaconda.org/conda-forge/osx-arm64/libsqlite-3.52.0-h1ae2325_0.conda
      - conda: https://conda.anaconda.org/conda-forge/osx-arm64/libzlib-1.3.1-h8359307_2.conda
      - conda: https://conda.anaconda.org/conda-forge/osx-arm64/markupsafe-3.0.3-py313h65a2061_1.conda
      - conda: https://conda.anaconda.org/conda-forge/osx-arm64/msgpack-python-1.1.2-py313ha61f8ec_1.conda
      - conda: https://conda.anaconda.org/conda-forge/osx-arm64/ncurses-6.5-h5e97a16_3.conda
      - conda: https://conda.anaconda.org/conda-forge/noarch/netaddr-1.3.0-pyhd8ed1ab_1.conda
      - conda: https://conda.anaconda.org/conda-forge/osx-arm64/openssl-3.6.1-hd24854e_1.conda
      - conda: https://conda.anaconda.org/conda-forge/noarch/openstacksdk-4.10.0-pyhd8ed1ab_0.conda
      - conda: https://conda.anaconda.org/conda-forge/noarch/os-service-types-1.8.2-pyhd8ed1ab_0.conda
      - conda: https://conda.anaconda.org/conda-forge/noarch/osc-lib-4.4.0-pyhd8ed1ab_0.conda
      - conda: https://conda.anaconda.org/conda-forge/noarch/oslo.config-10.3.0-pyhd8ed1ab_0.conda
      - conda: https://conda.anaconda.org/conda-forge/noarch/oslo.i18n-6.7.2-pyhd8ed1ab_0.conda
      - conda: https://conda.anaconda.org/conda-forge/noarch/oslo.serialization-5.9.1-pyhd8ed1ab_0.conda
      - conda: https://conda.anaconda.org/conda-forge/noarch/oslo.utils-10.0.0-pyhd8ed1ab_0.conda
      - conda: https://conda.anaconda.org/conda-forge/noarch/packaging-26.0-pyhcf101f3_0.conda
      - conda: https://conda.anaconda.org/conda-forge/noarch/pbr-7.0.3-pyhd8ed1ab_0.conda
      - conda: https://conda.anaconda.org/conda-forge/noarch/pip-26.0.1-pyh145f28c_0.conda
      - conda: https://conda.anaconda.org/conda-forge/noarch/platformdirs-4.9.4-pyhcf101f3_0.conda
      - conda: https://conda.anaconda.org/conda-forge/noarch/prettytable-3.17.0-pyhd8ed1ab_0.conda
      - conda: https://conda.anaconda.org/conda-forge/osx-arm64/psutil-7.2.2-py313h6688731_0.conda
      - conda: https://conda.anaconda.org/conda-forge/noarch/pycparser-2.22-pyh29332c3_1.conda
      - conda: https://conda.anaconda.org/conda-forge/osx-arm64/pyobjc-core-12.1-py313h40b429f_0.conda
      - conda: https://conda.anaconda.org/conda-forge/osx-arm64/pyobjc-framework-cocoa-12.1-py313hcc5defa_0.conda
      - conda: https://conda.anaconda.org/conda-forge/noarch/pyparsing-3.3.2-pyhcf101f3_0.conda
      - conda: https://conda.anaconda.org/conda-forge/noarch/pyperclip-1.11.0-pyh534df25_0.conda
      - conda: https://conda.anaconda.org/conda-forge/noarch/pysocks-1.7.1-pyha55dd90_7.conda
      - conda: https://conda.anaconda.org/conda-forge/osx-arm64/python-3.13.12-h20e6be0_100_cp313.conda
      - conda: https://conda.anaconda.org/conda-forge/noarch/python-cinderclient-9.8.0-pyh332efcf_0.conda
      - conda: https://conda.anaconda.org/conda-forge/noarch/python-keystoneclient-5.8.0-pyh332efcf_0.conda
      - conda: https://conda.anaconda.org/conda-forge/noarch/python-novaclient-18.12.0-pyh332efcf_0.conda
      - conda: https://conda.anaconda.org/conda-forge/noarch/python-openstackclient-9.0.0-pyh332efcf_0.conda
      - conda: https://conda.anaconda.org/conda-forge/noarch/python-tzdata-2025.3-pyhd8ed1ab_0.conda
      - conda: https://conda.anaconda.org/conda-forge/noarch/python_abi-3.13-8_cp313.conda
      - conda: https://conda.anaconda.org/conda-forge/noarch/pytz-2026.1.post1-pyhcf101f3_0.conda
      - conda: https://conda.anaconda.org/conda-forge/osx-arm64/pyyaml-6.0.3-py313h65a2061_1.conda
      - conda: https://conda.anaconda.org/conda-forge/osx-arm64/readline-8.3-h46df422_0.conda
      - conda: https://conda.anaconda.org/conda-forge/noarch/requests-2.32.5-pyhcf101f3_1.conda
      - conda: https://conda.anaconda.org/conda-forge/noarch/requestsexceptions-1.4.0-py_0.tar.bz2
      - conda: https://conda.anaconda.org/conda-forge/noarch/resolvelib-1.0.1-pyhd8ed1ab_0.conda
      - conda: https://conda.anaconda.org/conda-forge/noarch/rfc3986-2.0.0-pyhd8ed1ab_1.conda
      - conda: https://conda.anaconda.org/conda-forge/noarch/setuptools-82.0.1-pyh332efcf_0.conda
      - conda: https://conda.anaconda.org/conda-forge/noarch/stevedore-5.7.0-pyhd8ed1ab_0.conda
      - conda: https://conda.anaconda.org/conda-forge/osx-arm64/tk-8.6.13-h010d191_3.conda
      - conda: https://conda.anaconda.org/conda-forge/noarch/typing-extensions-4.15.0-h396c80c_0.conda
      - conda: https://conda.anaconda.org/conda-forge/noarch/typing_extensions-4.15.0-pyhcf101f3_0.conda
      - conda: https://conda.anaconda.org/conda-forge/noarch/tzdata-2025c-hc9c84f9_1.conda
      - conda: https://conda.anaconda.org/conda-forge/noarch/urllib3-2.6.3-pyhd8ed1ab_0.conda
      - conda: https://conda.anaconda.org/conda-forge/noarch/wcwidth-0.6.0-pyhd8ed1ab_0.conda
      - conda: https://conda.anaconda.org/conda-forge/osx-arm64/wrapt-2.1.2-py313h0997733_0.conda
      - conda: https://conda.anaconda.org/conda-forge/osx-arm64/yaml-0.2.5-h925e9cb_3.conda
      - conda: https://conda.anaconda.org/conda-forge/noarch/zipp-3.23.0-pyhcf101f3_1.conda
      - conda: https://conda.anaconda.org/conda-forge/osx-arm64/zstd-1.5.7-hbf9d68e_6.conda
packages:
- conda: https://conda.anaconda.org/conda-forge/noarch/ansible-12.0.0-pyh707e725_0.conda
  sha256: 6fcbc48fb1071d7d7db94a669dcbecdb41a9a6778915990d99d4293ddad3896e
  md5: 88c6adb39b30687b612d389281ed2426
  depends:
  - __unix
  - ansible-core >=2.19.1,<2.20.dev0
  - python >=3.11
  license: GPL-3.0-only
  license_family: GPL
  size: 24242640
  timestamp: 1757481304326
- conda: https://conda.anaconda.org/conda-forge/noarch/ansible-core-2.19.3-pyh707e725_0.conda
  sha256: 5d103ea8089fb2b09102d4f68d77a5dae453022d9e2a9d9f4b8c79f46494f5c4
  md5: f5eb9f3e14067925bf809401b79617a7
  depends:
  - __unix
  - cryptography
  - jinja2 >=3.0.0
  - packaging
  - python >=3.11
  - pyyaml >=5.1
  - resolvelib >=0.5.3,<1.1.0
  license: GPL-3.0-or-later
  license_family: GPL
  size: 1468494
  timestamp: 1761274338811
- conda: https://conda.anaconda.org/conda-forge/noarch/appdirs-1.4.4-pyhd8ed1ab_1.conda
  sha256: 5b9ef6d338525b332e17c3ed089ca2f53a5d74b7a7b432747d29c6466e39346d
  md5: f4e90937bbfc3a4a92539545a37bb448
  depends:
  - python >=3.9
  license: MIT
  license_family: MIT
  size: 14835
  timestamp: 1733754069532
- conda: https://conda.anaconda.org/conda-forge/noarch/attrs-25.4.0-pyhcf101f3_1.conda
  sha256: c13d5e42d187b1d0255f591b7ce91201d4ed8a5370f0d986707a802c20c9d32f
  md5: 537296d57ea995666c68c821b00e360b
  depends:
  - python >=3.10
  - python
  license: MIT
  license_family: MIT
  size: 64759
  timestamp: 1764875182184
- conda: https://conda.anaconda.org/conda-forge/noarch/autopage-0.6.0-pyhd8ed1ab_0.conda
  sha256: 0c3e475ef76d5f327a997db35de9bf671ed73f0364da65917a4d98d9f1bbf794
  md5: 05add6e237cd60a56716fca33941b9d3
  depends:
  - python >=3.10
  license: Apache-2.0
  license_family: APACHE
  size: 29684
  timestamp: 1769891030902
- conda: https://conda.anaconda.org/conda-forge/osx-arm64/backports.zstd-1.3.0-py313h48bb75e_0.conda
  sha256: f3047ca3b41bb444b4b5a71a6eee182623192c77019746dd4685fd260becb249
  md5: 54008c5cc8928e5cb5a0f9206b829451
  depends:
  - python
  - python 3.13.* *_cp313
  - __osx >=11.0
  - zstd >=1.5.7,<1.6.0a0
  - python_abi 3.13.* *_cp313
  license: BSD-3-Clause AND MIT AND EPL-2.0
  size: 244371
  timestamp: 1767045003420
- conda: https://conda.anaconda.org/conda-forge/osx-arm64/brotli-python-1.2.0-py313hde1f3bb_1.conda
  sha256: 2e21dccccd68bedd483300f9ab87a425645f6776e6e578e10e0dd98c946e1be9
  md5: b03732afa9f4f54634d94eb920dfb308
  depends:
  - __osx >=11.0
  - libcxx >=19
  - python >=3.13,<3.14.0a0
  - python >=3.13,<3.14.0a0 *_cp313
  - python_abi 3.13.* *_cp313
  constrains:
  - libbrotlicommon 1.2.0 hc919400_1
  license: MIT
  license_family: MIT
  size: 359568
  timestamp: 1764018359470
- conda: https://conda.anaconda.org/conda-forge/osx-arm64/bzip2-1.0.8-hd037594_9.conda
  sha256: 540fe54be35fac0c17feefbdc3e29725cce05d7367ffedfaaa1bdda234b019df
  md5: 620b85a3f45526a8bc4d23fd78fc22f0
  depends:
  - __osx >=11.0
  license: bzip2-1.0.6
  license_family: BSD
  size: 124834
  timestamp: 1771350416561
- conda: https://conda.anaconda.org/conda-forge/noarch/ca-certificates-2026.2.25-hbd8a1cb_0.conda
  sha256: 67cc7101b36421c5913a1687ef1b99f85b5d6868da3abbf6ec1a4181e79782fc
  md5: 4492fd26db29495f0ba23f146cd5638d
  depends:
  - __unix
  license: ISC
  size: 147413
  timestamp: 1772006283803
- conda: https://conda.anaconda.org/conda-forge/noarch/certifi-2026.2.25-pyhd8ed1ab_0.conda
  sha256: a6b118fd1ed6099dc4fc03f9c492b88882a780fadaef4ed4f93dc70757713656
  md5: 765c4d97e877cdbbb88ff33152b86125
  depends:
  - python >=3.10
  license: ISC
  size: 151445
  timestamp: 1772001170301
- conda: https://conda.anaconda.org/conda-forge/osx-arm64/cffi-2.0.0-py313h224173a_1.conda
  sha256: 1fa69651f5e81c25d48ac42064db825ed1a3e53039629db69f86b952f5ce603c
  md5: 050374657d1c7a4f2ea443c0d0cbd9a0
  depends:
  - __osx >=11.0
  - libffi >=3.5.2,<3.6.0a0
  - pycparser
  - python >=3.13,<3.14.0a0
  - python >=3.13,<3.14.0a0 *_cp313
  - python_abi 3.13.* *_cp313
  license: MIT
  license_family: MIT
  size: 291376
  timestamp: 1761203583358
- conda: https://conda.anaconda.org/conda-forge/noarch/charset-normalizer-3.4.6-pyhd8ed1ab_0.conda
  sha256: d86dfd428b2e3c364fa90e07437c8405d635aa4ef54b25ab51d9c712be4112a5
  md5: 49ee13eb9b8f44d63879c69b8a40a74b
  depends:
  - python >=3.10
  license: MIT
  license_family: MIT
  size: 58510
  timestamp: 1773660086450
- conda: https://conda.anaconda.org/conda-forge/noarch/cliff-4.13.2-pyhd8ed1ab_0.conda
  sha256: 7a184916b5f8ba48c5d8b2715a3f8f31d9e931fd064991b68b7c92f1b8158dd4
  md5: e8f8a4139ab44be208759807f4557601
  depends:
  - autopage >=0.4.0
  - cmd2 >=1.0.0
  - importlib-metadata >=4.4
  - prettytable >=0.7.2
  - python >=3.10
  - pyyaml >=3.12
  - stevedore >=2.0.1
  license: Apache-2.0
  license_family: APACHE
  size: 61122
  timestamp: 1771431205277
- conda: https://conda.anaconda.org/conda-forge/osx-arm64/cmd2-2.5.2-py313h8f79df9_0.conda
  sha256: bde420340d32180d1a62b3ffad4ceb607f3bf336a587e54693354c6b5f50dfc3
  md5: ab2a3554119cfaf29819bc459a4b1ad8
  depends:
  - attrs >=16.3.0
  - pyperclip >=1.6
  - python >=3.13,<3.14.0a0
  - python >=3.13,<3.14.0a0 *_cp313
  - python_abi 3.13.* *_cp313
  - setuptools
  - wcwidth >=0.1.7
  license: MIT
  license_family: MIT
  size: 294838
  timestamp: 1730668942222
- conda: https://conda.anaconda.org/conda-forge/osx-arm64/cryptography-46.0.5-py313he3f6fad_0.conda
  sha256: 5d27780eae308b9602eb80b62b8fada46680c3fc68bfb249c95ddd07f74e74d2
  md5: 2cca7fe0caca845c02b37d8b465a18fa
  depends:
  - __osx >=11.0
  - cffi >=1.14
  - openssl >=3.5.5,<4.0a0
  - python >=3.13,<3.14.0a0
  - python >=3.13,<3.14.0a0 *_cp313
  - python_abi 3.13.* *_cp313
  constrains:
  - __osx >=11.0
  license: Apache-2.0 AND BSD-3-Clause AND PSF-2.0 AND MIT
  license_family: BSD
  size: 1600031
  timestamp: 1770773038178
- conda: https://conda.anaconda.org/conda-forge/noarch/debtcollector-3.0.0-pyhd8ed1ab_1.conda
  sha256: 88cfc741c905ee4deb8973294a465f1b0ae9f619e4c678221c1d350f07c38628
  md5: aa8c5e03c4ba1c6fcd27f9fb6e866666
  depends:
  - python >=3.9
  - wrapt >=1.7.0
  license: Apache-2.0
  license_family: Apache
  size: 22445
  timestamp: 1734503043687
- conda: https://conda.anaconda.org/conda-forge/noarch/decorator-5.2.1-pyhd8ed1ab_0.conda
  sha256: c17c6b9937c08ad63cb20a26f403a3234088e57d4455600974a0ce865cb14017
  md5: 9ce473d1d1be1cc3810856a48b3fab32
  depends:
  - python >=3.9
  license: BSD-2-Clause
  license_family: BSD
  size: 14129
  timestamp: 1740385067843
- conda: https://conda.anaconda.org/conda-forge/noarch/dogpile.cache-1.3.3-pyhd8ed1ab_0.conda
  sha256: 5f8aeee5de4edd6751f41791c8bc7cb8d8a634b7d5d5777cf3cb0ea7efcd5076
  md5: 6fe3e2cd5c26f4873a4ed1161b0e7c3a
  depends:
  - decorator >=4.0.0
  - python >=3.6
  - stevedore >=3.0.0
  - typing_extensions >=4.0.1
  license: MIT
  license_family: MIT
  size: 52734
  timestamp: 1714935696803
- conda: https://conda.anaconda.org/conda-forge/noarch/h2-4.3.0-pyhcf101f3_0.conda
  sha256: 84c64443368f84b600bfecc529a1194a3b14c3656ee2e832d15a20e0329b6da3
  md5: 164fc43f0b53b6e3a7bc7dce5e4f1dc9
  depends:
  - python >=3.10
  - hyperframe >=6.1,<7
  - hpack >=4.1,<5
  - python
  license: MIT
  license_family: MIT
  size: 95967
  timestamp: 1756364871835
- conda: https://conda.anaconda.org/conda-forge/noarch/hpack-4.1.0-pyhd8ed1ab_0.conda
  sha256: 6ad78a180576c706aabeb5b4c8ceb97c0cb25f1e112d76495bff23e3779948ba
  md5: 0a802cb9888dd14eeefc611f05c40b6e
  depends:
  - python >=3.9
  license: MIT
  license_family: MIT
  size: 30731
  timestamp: 1737618390337
- conda: https://conda.anaconda.org/conda-forge/noarch/hyperframe-6.1.0-pyhd8ed1ab_0.conda
  sha256: 77af6f5fe8b62ca07d09ac60127a30d9069fdc3c68d6b256754d0ffb1f7779f8
  md5: 8e6923fc12f1fe8f8c4e5c9f343256ac
  depends:
  - python >=3.9
  license: MIT
  license_family: MIT
  size: 17397
  timestamp: 1737618427549
- conda: https://conda.anaconda.org/conda-forge/osx-arm64/icu-78.3-hef89b57_0.conda
  sha256: 3a7907a17e9937d3a46dfd41cffaf815abad59a569440d1e25177c15fd0684e5
  md5: f1182c91c0de31a7abd40cedf6a5ebef
  depends:
  - __osx >=11.0
  license: MIT
  license_family: MIT
  size: 12361647
  timestamp: 1773822915649
- conda: https://conda.anaconda.org/conda-forge/noarch/idna-3.11-pyhd8ed1ab_0.conda
  sha256: ae89d0299ada2a3162c2614a9d26557a92aa6a77120ce142f8e0109bbf0342b0
  md5: 53abe63df7e10a6ba605dc5f9f961d36
  depends:
  - python >=3.10
  license: BSD-3-Clause
  license_family: BSD
  size: 50721
  timestamp: 1760286526795
- conda: https://conda.anaconda.org/conda-forge/noarch/importlib-metadata-8.7.0-pyhe01879c_1.conda
  sha256: c18ab120a0613ada4391b15981d86ff777b5690ca461ea7e9e49531e8f374745
  md5: 63ccfdc3a3ce25b027b8767eb722fca8
  depends:
  - python >=3.9
  - zipp >=3.20
  - python
  license: Apache-2.0
  license_family: APACHE
  size: 34641
  timestamp: 1747934053147
- conda: https://conda.anaconda.org/conda-forge/noarch/iso8601-2.1.0-pyhd8ed1ab_1.conda
  sha256: bdfd0191d791f1b55d89ddafbec80a7ac9b5526e9a79053246996ecf1dc3e8f6
  md5: 29370dfa863fe2b6af79888a35f2da0d
  depends:
  - python >=3.9,<4
  license: MIT
  license_family: MIT
  size: 12985
  timestamp: 1733244992622
- conda: https://conda.anaconda.org/conda-forge/noarch/jinja2-3.1.6-pyhcf101f3_1.conda
  sha256: fc9ca7348a4f25fed2079f2153ecdcf5f9cf2a0bc36c4172420ca09e1849df7b
  md5: 04558c96691bed63104678757beb4f8d
  depends:
  - markupsafe >=2.0
  - python >=3.10
  - python
  license: BSD-3-Clause
  license_family: BSD
  size: 120685
  timestamp: 1764517220861
- conda: https://conda.anaconda.org/conda-forge/noarch/jmespath-1.1.0-pyhcf101f3_1.conda
  sha256: 904d43d5210584004cf8b38f9657c717661ae55b0fb3f60573be974e50653fa1
  md5: cc73a9bd315659dc5307a5270f44786f
  depends:
  - python >=3.10
  - python
  license: MIT
  license_family: MIT
  size: 25946
  timestamp: 1769161799923
- conda: https://conda.anaconda.org/conda-forge/noarch/jsonpatch-1.33-pyhd8ed1ab_1.conda
  sha256: 304955757d1fedbe344af43b12b5467cca072f83cce6109361ba942e186b3993
  md5: cb60ae9cf02b9fcb8004dec4089e5691
  depends:
  - jsonpointer >=1.9
  - python >=3.9
  license: BSD-3-Clause
  license_family: BSD
  size: 17311
  timestamp: 1733814664790
- conda: https://conda.anaconda.org/conda-forge/noarch/jsonpointer-3.0.0-pyhcf101f3_3.conda
  sha256: 1a1328476d14dfa8b84dbacb7f7cd7051c175498406dc513ca6c679dc44f3981
  md5: cd2214824e36b0180141d422aba01938
  depends:
  - python >=3.10
  - python
  license: BSD-3-Clause
  license_family: BSD
  size: 13967
  timestamp: 1765026384757
- conda: https://conda.anaconda.org/conda-forge/noarch/keystoneauth1-5.13.1-pyhd8ed1ab_0.conda
  sha256: db39f96545a38daf5edc5ab34f0ec02999b8dc182a5e26ade678d09028a2c730
  md5: cc50e5e95c404ee2995d855c47df3b97
  depends:
  - iso8601 >=0.1.11
  - os-service-types >=1.2.0
  - pbr !=2.1.0,>=2.0.0
  - python >=3.10
  - requests >=2.14.2
  - stevedore >=1.20.0
  - typing-extensions >=4.12
  license: Apache-2.0
  license_family: Apache
  size: 199913
  timestamp: 1771653661829
- conda: https://conda.anaconda.org/conda-forge/osx-arm64/libcxx-22.1.1-h55c6f16_0.conda
  sha256: 3c8142cdd3109c250a926c492ec45bc954697b288e5d1154ada95272ffa21be8
  md5: 7a290d944bc0c481a55baf33fa289deb
  depends:
  - __osx >=11.0
  license: Apache-2.0 WITH LLVM-exception
  license_family: Apache
  size: 570281
  timestamp: 1773203613980
- conda: https://conda.anaconda.org/conda-forge/osx-arm64/libexpat-2.7.4-hf6b4638_0.conda
  sha256: 03887d8080d6a8fe02d75b80929271b39697ecca7628f0657d7afaea87761edf
  md5: a92e310ae8dfc206ff449f362fc4217f
  depends:
  - __osx >=11.0
  constrains:
  - expat 2.7.4.*
  license: MIT
  license_family: MIT
  size: 68199
  timestamp: 1771260020767
- conda: https://conda.anaconda.org/conda-forge/osx-arm64/libffi-3.5.2-hcf2aa1b_0.conda
  sha256: 6686a26466a527585e6a75cc2a242bf4a3d97d6d6c86424a441677917f28bec7
  md5: 43c04d9cb46ef176bb2a4c77e324d599
  depends:
  - __osx >=11.0
  license: MIT
  license_family: MIT
  size: 40979
  timestamp: 1769456747661
- conda: https://conda.anaconda.org/conda-forge/osx-arm64/liblzma-5.8.2-h8088a28_0.conda
  sha256: 7bfc7ffb2d6a9629357a70d4eadeadb6f88fa26ebc28f606b1c1e5e5ed99dc7e
  md5: 009f0d956d7bfb00de86901d16e486c7
  depends:
  - __osx >=11.0
  constrains:
  - xz 5.8.2.*
  license: 0BSD
  size: 92242
  timestamp: 1768752982486
- conda: https://conda.anaconda.org/conda-forge/osx-arm64/libmpdec-4.0.0-h84a0fba_1.conda
  sha256: 1089c7f15d5b62c622625ec6700732ece83be8b705da8c6607f4dabb0c4bd6d2
  md5: 57c4be259f5e0b99a5983799a228ae55
  depends:
  - __osx >=11.0
  license: BSD-2-Clause
  license_family: BSD
  size: 73690
  timestamp: 1769482560514
- conda: https://conda.anaconda.org/conda-forge/osx-arm64/libsqlite-3.52.0-h1ae2325_0.conda
  sha256: beb0fd5594d6d7c7cd42c992b6bb4d66cbb39d6c94a8234f15956da99a04306c
  md5: f6233a3fddc35a2ec9f617f79d6f3d71
  depends:
  - __osx >=11.0
  - icu >=78.2,<79.0a0
  - libzlib >=1.3.1,<2.0a0
  license: blessing
  size: 918420
  timestamp: 1772819478684
- conda: https://conda.anaconda.org/conda-forge/osx-arm64/libzlib-1.3.1-h8359307_2.conda
  sha256: ce34669eadaba351cd54910743e6a2261b67009624dbc7daeeafdef93616711b
  md5: 369964e85dc26bfe78f41399b366c435
  depends:
  - __osx >=11.0
  constrains:
  - zlib 1.3.1 *_2
  license: Zlib
  license_family: Other
  size: 46438
  timestamp: 1727963202283
- conda: https://conda.anaconda.org/conda-forge/osx-arm64/markupsafe-3.0.3-py313h65a2061_1.conda
  sha256: f62892a42948c61aa0a13d9a36ff811651f0a1102331223594aecf3cc042bece
  md5: 0195d558b0c0ab8f4af3089af83067c5
  depends:
  - __osx >=11.0
  - python >=3.13,<3.14.0a0
  - python >=3.13,<3.14.0a0 *_cp313
  - python_abi 3.13.* *_cp313
  constrains:
  - jinja2 >=3.0.0
  license: BSD-3-Clause
  license_family: BSD
  size: 26009
  timestamp: 1772445537524
- conda: https://conda.anaconda.org/conda-forge/osx-arm64/msgpack-python-1.1.2-py313ha61f8ec_1.conda
  sha256: b4a7557abb838de3890ceee6c61f78540b4b8ce74f2a03c334d7df5d476f7faa
  md5: 78bc73f3c5e84b432cdea463ea4e953e
  depends:
  - __osx >=11.0
  - libcxx >=19
  - python >=3.13,<3.14.0a0
  - python >=3.13,<3.14.0a0 *_cp313
  - python_abi 3.13.* *_cp313
  license: Apache-2.0
  license_family: Apache
  size: 91725
  timestamp: 1762504404391
- conda: https://conda.anaconda.org/conda-forge/osx-arm64/ncurses-6.5-h5e97a16_3.conda
  sha256: 2827ada40e8d9ca69a153a45f7fd14f32b2ead7045d3bbb5d10964898fe65733
  md5: 068d497125e4bf8a66bf707254fff5ae
  depends:
  - __osx >=11.0
  license: X11 AND BSD-3-Clause
  size: 797030
  timestamp: 1738196177597
- conda: https://conda.anaconda.org/conda-forge/noarch/netaddr-1.3.0-pyhd8ed1ab_1.conda
  sha256: 129eedcf6bcdf7f572cf6ae601d0e4fe96f1073949a5ed4b2851a741c2e39a02
  md5: 764473f3d826efc53ddd7dd9ef53f022
  depends:
  - python >=3.9
  license: BSD-3-Clause
  license_family: BSD
  size: 1532484
  timestamp: 1734502796812
- conda: https://conda.anaconda.org/conda-forge/osx-arm64/openssl-3.6.1-hd24854e_1.conda
  sha256: 361f5c5e60052abc12bdd1b50d7a1a43e6a6653aab99a2263bf2288d709dcf67
  md5: f4f6ad63f98f64191c3e77c5f5f29d76
  depends:
  - __osx >=11.0
  - ca-certificates
  license: Apache-2.0
  license_family: Apache
  size: 3104268
  timestamp: 1769556384749
- conda: https://conda.anaconda.org/conda-forge/noarch/openstacksdk-4.10.0-pyhd8ed1ab_0.conda
  sha256: c5bf4e11142dad12314cbfdb7aec564189100bbf3f038fe958cba19984ea2b55
  md5: 43da94c7d08639eb8468d1c82a9cb7b3
  depends:
  - appdirs >=1.3.0
  - cryptography >=2.7
  - decorator >=4.4.1
  - dogpile.cache >=0.6.5
  - iso8601 >=0.1.11
  - jmespath >=0.9.0
  - jsonpatch !=1.20,>=1.16
  - keystoneauth1 >=3.18.0
  - os-service-types >=1.7.0
  - pbr !=2.1.0,>=2.0.0
  - platformdirs >=3
  - psutil >=3.2.2
  - python >=3.10
  - pyyaml >=3.13
  - requestsexceptions >=1.2.0
  license: Apache-2.0
  license_family: Apache
  size: 834875
  timestamp: 1771352553760
- conda: https://conda.anaconda.org/conda-forge/noarch/os-service-types-1.8.2-pyhd8ed1ab_0.conda
  sha256: 8d345d3126868a13fe2893a42d9b770fa065e11b68b3b926ff00582f80b4d31a
  md5: 7ba6d827044707044935f03e126377ad
  depends:
  - pbr !=2.1.0,>=2.0.0
  - python >=3.10
  - typing-extensions
  license: Apache-2.0
  license_family: Apache
  size: 23611
  timestamp: 1764105147835
- conda: https://conda.anaconda.org/conda-forge/noarch/osc-lib-4.4.0-pyhd8ed1ab_0.conda
  sha256: 95ff6c283e2bcfd680964def2043ed98e3e8fb92f411699f5ab2e26ab8bc148d
  md5: b7428c9504607a723c8ae540734d4e1f
  depends:
  - cliff >=3.2.0
  - keystoneauth1 >=3.14.0
  - openstacksdk >=0.15.0
  - oslo.i18n >=3.15.3
  - oslo.utils >=3.33.0
  - pbr
  - python >=3.10
  - setuptools
  - stevedore >=1.20.0
  license: Apache-2.0
  license_family: APACHE
  size: 72719
  timestamp: 1771360697514
- conda: https://conda.anaconda.org/conda-forge/noarch/oslo.config-10.3.0-pyhd8ed1ab_0.conda
  sha256: 00f8f81dfc219ffbddaeb876fb136d7c22883f0178c24db41030da2a6f00fe16
  md5: f993b96ad7c952b229661b8d10b72041
  depends:
  - debtcollector >=1.2.0
  - netaddr >=0.7.18
  - oslo.i18n >=3.15.3
  - python >=3.10
  - pyyaml >=5.1
  - requests >=2.18.0
  - rfc3986 >=1.2.0
  - stevedore >=1.20.0
  license: Apache-2.0
  license_family: Apache
  size: 105976
  timestamp: 1771430898596
- conda: https://conda.anaconda.org/conda-forge/noarch/oslo.i18n-6.7.2-pyhd8ed1ab_0.conda
  sha256: ffb904c835c5869eb2de943d8fdbd8f5de6a03c57095ae33126c5d0a53964c00
  md5: b419b0bb83d653cf1a2097cbd1c9029a
  depends:
  - pbr !=2.1.0,>=2.0.0
  - python >=3.10
  license: Apache-2.0
  license_family: Apache
  size: 35593
  timestamp: 1771488071474
- conda: https://conda.anaconda.org/conda-forge/noarch/oslo.serialization-5.9.1-pyhd8ed1ab_0.conda
  sha256: 22b4b91618879ac75eb178ce4ec7dcab97b2052e7a70e6aaf65035832c725601
  md5: 7a3a641c3756789fae79b45ed2d07dc5
  depends:
  - msgpack-python
  - oslo.utils
  - pbr
  - python >=3.10
  - pytz
  license: Apache-2.0
  license_family: APACHE
  size: 27151
  timestamp: 1771410590957
- conda: https://conda.anaconda.org/conda-forge/noarch/oslo.utils-10.0.0-pyhd8ed1ab_0.conda
  sha256: 01de4d77e8d235d4e53d8efa1a8527fa063e0e6525ccf55a91824aa9d609100c
  md5: 71f2e2304a4c1d99ee17a559f9133a00
  depends:
  - debtcollector >=1.2.0
  - iso8601 >=0.1.11
  - netaddr >=0.10.0
  - oslo.i18n >=3.15.3
  - packaging >=20.4
  - psutil >=3.2.2
  - pyparsing >=2.1.0
  - python >=3.10
  - python-tzdata >=2022.4
  - pyyaml >=3.13
  license: Apache-2.0
  license_family: Apache
  size: 104710
  timestamp: 1771653623233
- conda: https://conda.anaconda.org/conda-forge/noarch/packaging-26.0-pyhcf101f3_0.conda
  sha256: c1fc0f953048f743385d31c468b4a678b3ad20caffdeaa94bed85ba63049fd58
  md5: b76541e68fea4d511b1ac46a28dcd2c6
  depends:
  - python >=3.8
  - python
  license: Apache-2.0
  license_family: APACHE
  size: 72010
  timestamp: 1769093650580
- conda: https://conda.anaconda.org/conda-forge/noarch/pbr-7.0.3-pyhd8ed1ab_0.conda
  sha256: 09192c4b622f099c0d5749aaca86fba6c7f03e0900e1de5fb4b6887f216342ac
  md5: d312c4472944752588d76e119e6dd8f9
  depends:
  - pip
  - python >=3.10
  - setuptools
  license: Apache-2.0
  license_family: Apache
  size: 85207
  timestamp: 1762194733167
- conda: https://conda.anaconda.org/conda-forge/noarch/pip-26.0.1-pyh145f28c_0.conda
  sha256: 5f66ea31d62188c266c5a8752119b0cc90a5bf05963f665cf48a33e0ec58d39c
  md5: 09a970fbf75e8ed1aa633827ded6aa4f
  depends:
  - python >=3.13.0a0
  license: MIT
  license_family: MIT
  size: 1180743
  timestamp: 1770270312477
- conda: https://conda.anaconda.org/conda-forge/noarch/platformdirs-4.9.4-pyhcf101f3_0.conda
  sha256: 0289f0a38337ee201d984f8f31f11f6ef076cfbbfd0ab9181d12d9d1d099bf46
  md5: 82c1787f2a65c0155ef9652466ee98d6
  depends:
  - python >=3.10
  - python
  license: MIT
  license_family: MIT
  size: 25646
  timestamp: 1773199142345
- conda: https://conda.anaconda.org/conda-forge/noarch/prettytable-3.17.0-pyhd8ed1ab_0.conda
  sha256: a1cc667bd683f26c319ccab257cd3e17b33f34ef90ff4f548a811a342358c952
  md5: 9a12c482f559d39f3ed9550ba9e0eeb0
  depends:
  - python >=3.10
  - wcwidth
  constrains:
  - ptable >=9999
  license: BSD-3-Clause
  license_family: BSD
  size: 35808
  timestamp: 1763199361018
- conda: https://conda.anaconda.org/conda-forge/osx-arm64/psutil-7.2.2-py313h6688731_0.conda
  sha256: 1d2a6039fb71d61134b1d6816202529f2f6286c83b59bc1491fd288f5c08046e
  md5: ba2d89e51a855963c767648f44c03871
  depends:
  - python
  - __osx >=11.0
  - python 3.13.* *_cp313
  - python_abi 3.13.* *_cp313
  license: BSD-3-Clause
  license_family: BSD
  size: 242596
  timestamp: 1769678288893
- conda: https://conda.anaconda.org/conda-forge/noarch/pycparser-2.22-pyh29332c3_1.conda
  sha256: 79db7928d13fab2d892592223d7570f5061c192f27b9febd1a418427b719acc6
  md5: 12c566707c80111f9799308d9e265aef
  depends:
  - python >=3.9
  - python
  license: BSD-3-Clause
  license_family: BSD
  size: 110100
  timestamp: 1733195786147
- conda: https://conda.anaconda.org/conda-forge/osx-arm64/pyobjc-core-12.1-py313h40b429f_0.conda
  sha256: 307ca29ebf2317bd2561639b1ee0290fd8c03c3450fa302b9f9437d8df6a5280
  md5: 31a0a72f3466682d0ea2ebcbd7d319b8
  depends:
  - __osx >=11.0
  - libffi >=3.5.2,<3.6.0a0
  - python >=3.13,<3.14.0a0
  - python >=3.13,<3.14.0a0 *_cp313
  - python_abi 3.13.* *_cp313
  - setuptools
  license: MIT
  license_family: MIT
  size: 481508
  timestamp: 1763152124940
- conda: https://conda.anaconda.org/conda-forge/osx-arm64/pyobjc-framework-cocoa-12.1-py313hcc5defa_0.conda
  sha256: 194e188d8119befc952d04157079733e2041a7a502d50340ddde632658799fdc
  md5: a6d28c8fc266a3d3c3dae183e25c4d31
  depends:
  - __osx >=11.0
  - libffi >=3.5.2,<3.6.0a0
  - pyobjc-core 12.1.*
  - python >=3.13,<3.14.0a0
  - python >=3.13,<3.14.0a0 *_cp313
  - python_abi 3.13.* *_cp313
  license: MIT
  license_family: MIT
  size: 376136
  timestamp: 1763160678792
- conda: https://conda.anaconda.org/conda-forge/noarch/pyparsing-3.3.2-pyhcf101f3_0.conda
  sha256: 417fba4783e528ee732afa82999300859b065dc59927344b4859c64aae7182de
  md5: 3687cc0b82a8b4c17e1f0eb7e47163d5
  depends:
  - python >=3.10
  - python
  license: MIT
  license_family: MIT
  size: 110893
  timestamp: 1769003998136
- conda: https://conda.anaconda.org/conda-forge/noarch/pyperclip-1.11.0-pyh534df25_0.conda
  sha256: 7d9a47bb6b7a884218340f9aeb5976e566ae1d9b6fdee0e532e8bc5061226a7f
  md5: 613e9b6eb949baf115bc4a978b903e9d
  depends:
  - __osx
  - pyobjc-framework-cocoa
  - python >=3.10
  license: BSD-3-Clause
  license_family: BSD
  size: 17000
  timestamp: 1758906964482
- conda: https://conda.anaconda.org/conda-forge/noarch/pysocks-1.7.1-pyha55dd90_7.conda
  sha256: ba3b032fa52709ce0d9fd388f63d330a026754587a2f461117cac9ab73d8d0d8
  md5: 461219d1a5bd61342293efa2c0c90eac
  depends:
  - __unix
  - python >=3.9
  license: BSD-3-Clause
  license_family: BSD
  size: 21085
  timestamp: 1733217331982
- conda: https://conda.anaconda.org/conda-forge/osx-arm64/python-3.13.12-h20e6be0_100_cp313.conda
  build_number: 100
  sha256: 9a4f16a64def0853f0a7b6a7beb40d498fd6b09bee10b90c3d6069b664156817
  md5: 179c0f5ae4f22bc3be567298ed0b17b9
  depends:
  - __osx >=11.0
  - bzip2 >=1.0.8,<2.0a0
  - libexpat >=2.7.3,<3.0a0
  - libffi >=3.5.2,<3.6.0a0
  - liblzma >=5.8.2,<6.0a0
  - libmpdec >=4.0.0,<5.0a0
  - libsqlite >=3.51.2,<4.0a0
  - libzlib >=1.3.1,<2.0a0
  - ncurses >=6.5,<7.0a0
  - openssl >=3.5.5,<4.0a0
  - python_abi 3.13.* *_cp313
  - readline >=8.3,<9.0a0
  - tk >=8.6.13,<8.7.0a0
  - tzdata
  license: Python-2.0
  size: 12770674
  timestamp: 1770272314517
  python_site_packages_path: lib/python3.13/site-packages
- conda: https://conda.anaconda.org/conda-forge/noarch/python-cinderclient-9.8.0-pyh332efcf_0.conda
  sha256: b50b57be68f741c27235bdc76842f0143f295f9b858272030c5441fa9b50d46b
  md5: c3645c81f31c7d08f6cfe0adb35f4f96
  depends:
  - keystoneauth1 >=5.0.0
  - oslo.i18n >=5.0.1
  - oslo.utils >=4.8.0
  - pbr
  - prettytable >=0.7.2
  - python >=3.10
  - requests >=2.25.1
  - stevedore >=3.3.0
  license: Apache-2.0
  license_family: APACHE
  size: 156687
  timestamp: 1764927459089
- conda: https://conda.anaconda.org/conda-forge/noarch/python-keystoneclient-5.8.0-pyh332efcf_0.conda
  sha256: 078d6d88f1325a5d29edf26aa7b663050fcc9a990a47619129e50d96b891553f
  md5: 9876c830bfee202350b9fb31e5289ca2
  depends:
  - debtcollector
  - keystoneauth1
  - oslo.config
  - oslo.i18n
  - oslo.serialization
  - oslo.utils
  - packaging
  - python >=3.10
  - requests
  - stevedore
  license: Apache-2.0
  license_family: APACHE
  size: 213943
  timestamp: 1772262539759
- conda: https://conda.anaconda.org/conda-forge/noarch/python-novaclient-18.12.0-pyh332efcf_0.conda
  sha256: bd07ae55565faaa8dbedfb9de62565ccd5b3294561ca5ca8e34c5c21ae1837a2
  md5: 92d50776f558b6aad724e8c967af5bf3
  depends:
  - iso8601 >=0.1.11
  - keystoneauth1 >=3.5.0
  - oslo.i18n >=3.15.3
  - oslo.serialization >2.19.1
  - oslo.utils >=3.33.0
  - pbr
  - prettytable >=0.7.2
  - python >=3.10
  - stevedore >=2.0.1
  license: Apache-2.0
  license_family: APACHE
  size: 209702
  timestamp: 1772011506728
- conda: https://conda.anaconda.org/conda-forge/noarch/python-openstackclient-9.0.0-pyh332efcf_0.conda
  sha256: 0f54fd88b6a8b8307cc87dae6d2ce55461cb52065d6808d50ee085099cdd2386
  md5: 4b2229d1c4021e681b8be0825fbd3719
  depends:
  - cliff >=3.5.0
  - cryptography >=2.7
  - iso8601 >=0.1.11
  - openstacksdk >=2.0.0
  - osc-lib >=2.3.0
  - oslo.i18n >=3.15.3
  - python >=3.10
  - python-cinderclient >=3.3.0
  - python-keystoneclient >=3.22.0
  - python-novaclient >=18.1.0
  - setuptools
  - stevedore >=2.0.1
  license: Apache-2.0
  license_family: APACHE
  size: 513652
  timestamp: 1771431215454
- conda: https://conda.anaconda.org/conda-forge/noarch/python-tzdata-2025.3-pyhd8ed1ab_0.conda
  sha256: 467134ef39f0af2dbb57d78cb3e4821f01003488d331a8dd7119334f4f47bfbd
  md5: 7ead57407430ba33f681738905278d03
  depends:
  - python >=3.10
  license: Apache-2.0
  license_family: APACHE
  size: 143542
  timestamp: 1765719982349
- conda: https://conda.anaconda.org/conda-forge/noarch/python_abi-3.13-8_cp313.conda
  build_number: 8
  sha256: 210bffe7b121e651419cb196a2a63687b087497595c9be9d20ebe97dd06060a7
  md5: 94305520c52a4aa3f6c2b1ff6008d9f8
  constrains:
  - python 3.13.* *_cp313
  license: BSD-3-Clause
  license_family: BSD
  size: 7002
  timestamp: 1752805902938
- conda: https://conda.anaconda.org/conda-forge/noarch/pytz-2026.1.post1-pyhcf101f3_0.conda
  sha256: d35c15c861d5635db1ba847a2e0e7de4c01994999602db1f82e41b5935a9578a
  md5: f8a489f43a1342219a3a4d69cecc6b25
  depends:
  - python >=3.10
  - python
  license: MIT
  license_family: MIT
  size: 201725
  timestamp: 1773679724369
- conda: https://conda.anaconda.org/conda-forge/osx-arm64/pyyaml-6.0.3-py313h65a2061_1.conda
  sha256: 950725516f67c9691d81bb8dde8419581c5332c5da3da10c9ba8cbb1698b825d
  md5: 5d0c8b92128c93027632ca8f8dc1190f
  depends:
  - __osx >=11.0
  - python >=3.13,<3.14.0a0
  - python >=3.13,<3.14.0a0 *_cp313
  - python_abi 3.13.* *_cp313
  - yaml >=0.2.5,<0.3.0a0
  license: MIT
  license_family: MIT
  size: 188763
  timestamp: 1770224094408
- conda: https://conda.anaconda.org/conda-forge/osx-arm64/readline-8.3-h46df422_0.conda
  sha256: a77010528efb4b548ac2a4484eaf7e1c3907f2aec86123ed9c5212ae44502477
  md5: f8381319127120ce51e081dce4865cf4
  depends:
  - __osx >=11.0
  - ncurses >=6.5,<7.0a0
  license: GPL-3.0-only
  license_family: GPL
  size: 313930
  timestamp: 1765813902568
- conda: https://conda.anaconda.org/conda-forge/noarch/requests-2.32.5-pyhcf101f3_1.conda
  sha256: 7813c38b79ae549504b2c57b3f33394cea4f2ad083f0994d2045c2e24cb538c5
  md5: c65df89a0b2e321045a9e01d1337b182
  depends:
  - python >=3.10
  - certifi >=2017.4.17
  - charset-normalizer >=2,<4
  - idna >=2.5,<4
  - urllib3 >=1.21.1,<3
  - python
  constrains:
  - chardet >=3.0.2,<6
  license: Apache-2.0
  license_family: APACHE
  size: 63602
  timestamp: 1766926974520
- conda: https://conda.anaconda.org/conda-forge/noarch/requestsexceptions-1.4.0-py_0.tar.bz2
  sha256: f91fe2516272d9663af60c30503b6dd065bc53802407d146777f40ba6be7a620
  md5: cedf3ef3827c2732e80f7c84074f3a1d
  depends:
  - python
  license: Apache 2.0
  license_family: Apache
  size: 9447
- conda: https://conda.anaconda.org/conda-forge/noarch/resolvelib-1.0.1-pyhd8ed1ab_0.conda
  sha256: aa100c5e8c9c7731e5d9f56435bfd89bd9e34551f12cd0a4b0df69470695270e
  md5: 3f9f4ffb76bd4524792f2ff02f446819
  depends:
  - python >=3.6
  license: ISC
  size: 350741
  timestamp: 1678668060675
- conda: https://conda.anaconda.org/conda-forge/noarch/rfc3986-2.0.0-pyhd8ed1ab_1.conda
  sha256: d617373ba1a5108336cb87754d030b9e384dcf91796d143fa60fe61e76e5cfb0
  md5: 43e14f832d7551e5a8910672bfc3d8c6
  depends:
  - python >=3.9
  license: Apache-2.0
  license_family: APACHE
  size: 38028
  timestamp: 1733921806657
- conda: https://conda.anaconda.org/conda-forge/noarch/setuptools-82.0.1-pyh332efcf_0.conda
  sha256: 82088a6e4daa33329a30bc26dc19a98c7c1d3f05c0f73ce9845d4eab4924e9e1
  md5: 8e194e7b992f99a5015edbd4ebd38efd
  depends:
  - python >=3.10
  license: MIT
  license_family: MIT
  size: 639697
  timestamp: 1773074868565
- conda: https://conda.anaconda.org/conda-forge/noarch/stevedore-5.7.0-pyhd8ed1ab_0.conda
  sha256: f324eaa50d9249dcef16135d5265db8b72320fd20fefa27253c72ea7f60b0538
  md5: 0b99748063ceea9ef335648f038553e7
  depends:
  - pbr !=2.1.0,>=2.0.0
  - python >=3.10
  license: Apache-2.0
  license_family: Apache
  size: 36179
  timestamp: 1771653640360
- conda: https://conda.anaconda.org/conda-forge/osx-arm64/tk-8.6.13-h010d191_3.conda
  sha256: 799cab4b6cde62f91f750149995d149bc9db525ec12595e8a1d91b9317f038b3
  md5: a9d86bc62f39b94c4661716624eb21b0
  depends:
  - __osx >=11.0
  - libzlib >=1.3.1,<2.0a0
  license: TCL
  license_family: BSD
  size: 3127137
  timestamp: 1769460817696
- conda: https://conda.anaconda.org/conda-forge/noarch/typing-extensions-4.15.0-h396c80c_0.conda
  sha256: 7c2df5721c742c2a47b2c8f960e718c930031663ac1174da67c1ed5999f7938c
  md5: edd329d7d3a4ab45dcf905899a7a6115
  depends:
  - typing_extensions ==4.15.0 pyhcf101f3_0
  license: PSF-2.0
  license_family: PSF
  size: 91383
  timestamp: 1756220668932
- conda: https://conda.anaconda.org/conda-forge/noarch/typing_extensions-4.15.0-pyhcf101f3_0.conda
  sha256: 032271135bca55aeb156cee361c81350c6f3fb203f57d024d7e5a1fc9ef18731
  md5: 0caa1af407ecff61170c9437a808404d
  depends:
  - python >=3.10
  - python
  license: PSF-2.0
  license_family: PSF
  size: 51692
  timestamp: 1756220668932
- conda: https://conda.anaconda.org/conda-forge/noarch/tzdata-2025c-hc9c84f9_1.conda
  sha256: 1d30098909076af33a35017eed6f2953af1c769e273a0626a04722ac4acaba3c
  md5: ad659d0a2b3e47e38d829aa8cad2d610
  license: LicenseRef-Public-Domain
  size: 119135
  timestamp: 1767016325805
- conda: https://conda.anaconda.org/conda-forge/noarch/urllib3-2.6.3-pyhd8ed1ab_0.conda
  sha256: af641ca7ab0c64525a96fd9ad3081b0f5bcf5d1cbb091afb3f6ed5a9eee6111a
  md5: 9272daa869e03efe68833e3dc7a02130
  depends:
  - backports.zstd >=1.0.0
  - brotli-python >=1.2.0
  - h2 >=4,<5
  - pysocks >=1.5.6,<2.0,!=1.5.7
  - python >=3.10
  license: MIT
  license_family: MIT
  size: 103172
  timestamp: 1767817860341
- conda: https://conda.anaconda.org/conda-forge/noarch/wcwidth-0.6.0-pyhd8ed1ab_0.conda
  sha256: e298b508b2473c4227206800dfb14c39e4b14fd79d4636132e9e1e4244cdf4aa
  md5: c3197f8c0d5b955c904616b716aca093
  depends:
  - python >=3.10
  license: MIT
  license_family: MIT
  size: 71550
  timestamp: 1770634638503
- conda: https://conda.anaconda.org/conda-forge/osx-arm64/wrapt-2.1.2-py313h0997733_0.conda
  sha256: 783ea9fdbc29e3658261ed3f3695948db5fe0cebbb42bc541dc7e77c8e7b6968
  md5: 5dc4bd4bdb7fe2b2714db43f82a48689
  depends:
  - __osx >=11.0
  - python >=3.13,<3.14.0a0
  - python >=3.13,<3.14.0a0 *_cp313
  - python_abi 3.13.* *_cp313
  license: BSD-2-Clause
  license_family: BSD
  size: 85132
  timestamp: 1772795528446
- conda: https://conda.anaconda.org/conda-forge/osx-arm64/yaml-0.2.5-h925e9cb_3.conda
  sha256: b03433b13d89f5567e828ea9f1a7d5c5d697bf374c28a4168d71e9464f5dafac
  md5: 78a0fe9e9c50d2c381e8ee47e3ea437d
  depends:
  - __osx >=11.0
  license: MIT
  license_family: MIT
  size: 83386
  timestamp: 1753484079473
- conda: https://conda.anaconda.org/conda-forge/noarch/zipp-3.23.0-pyhcf101f3_1.conda
  sha256: b4533f7d9efc976511a73ef7d4a2473406d7f4c750884be8e8620b0ce70f4dae
  md5: 30cd29cb87d819caead4d55184c1d115
  depends:
  - python >=3.10
  - python
  license: MIT
  license_family: MIT
  size: 24194
  timestamp: 1764460141901
- conda: https://conda.anaconda.org/conda-forge/osx-arm64/zstd-1.5.7-hbf9d68e_6.conda
  sha256: 9485ba49e8f47d2b597dd399e88f4802e100851b27c21d7525625b0b4025a5d9
  md5: ab136e4c34e97f34fb621d2592a393d8
  depends:
  - __osx >=11.0
  - libzlib >=1.3.1,<2.0a0
  license: BSD-3-Clause
  license_family: BSD
  size: 433413
  timestamp: 1764777166076
